// !$*UTF8*$!
{
	archiveVersion = 1;
	classes = {
	};
	objectVersion = 56;
	objects = {

/* Begin PBXBuildFile section */
		5A36305629C4FE7E008E7E05 /* WaterSectionView.swift in Sources */ = {isa = PBXBuildFile; fileRef = 5A36305529C4FE7E008E7E05 /* WaterSectionView.swift */; };
		5A36305829C4FF9F008E7E05 /* GlassView.swift in Sources */ = {isa = PBXBuildFile; fileRef = 5A36305729C4FF9F008E7E05 /* GlassView.swift */; };
		5A36306129C51F03008E7E05 /* Color.swift in Sources */ = {isa = PBXBuildFile; fileRef = 5A36306029C51F03008E7E05 /* Color.swift */; };
		5A36306429C52254008E7E05 /* CustomDatePicker.swift in Sources */ = {isa = PBXBuildFile; fileRef = 5A36306329C52254008E7E05 /* CustomDatePicker.swift */; };
		5A36306729C5276A008E7E05 /* DatePickerSheetView.swift in Sources */ = {isa = PBXBuildFile; fileRef = 5A36306629C5276A008E7E05 /* DatePickerSheetView.swift */; };
		5A38A1B729C0802600947AEC /* FoodSecretApp.swift in Sources */ = {isa = PBXBuildFile; fileRef = 5A38A1B629C0802600947AEC /* FoodSecretApp.swift */; };
		5A38A1B929C0802600947AEC /* ContentView.swift in Sources */ = {isa = PBXBuildFile; fileRef = 5A38A1B829C0802600947AEC /* ContentView.swift */; };
		5A38A1BB29C0802800947AEC /* Assets.xcassets in Resources */ = {isa = PBXBuildFile; fileRef = 5A38A1BA29C0802800947AEC /* Assets.xcassets */; };
		5A38A1BE29C0802800947AEC /* Preview Assets.xcassets in Resources */ = {isa = PBXBuildFile; fileRef = 5A38A1BD29C0802800947AEC /* Preview Assets.xcassets */; };
		5A38A1CA29C0807000947AEC /* View+extension.swift in Sources */ = {isa = PBXBuildFile; fileRef = 5A38A1C929C0807000947AEC /* View+extension.swift */; };
		5A38A1CC29C080F500947AEC /* Date+Ext.swift in Sources */ = {isa = PBXBuildFile; fileRef = 5A38A1CB29C080F500947AEC /* Date+Ext.swift */; };
		5A38A1F129C0EFF800947AEC /* ProductSearchResult.swift in Sources */ = {isa = PBXBuildFile; fileRef = 5A38A1F029C0EFF800947AEC /* ProductSearchResult.swift */; };
		5A38A1F329C0F0F400947AEC /* NutrientInfo.swift in Sources */ = {isa = PBXBuildFile; fileRef = 5A38A1F229C0F0F400947AEC /* NutrientInfo.swift */; };
		5A38A1FA29C0F7AE00947AEC /* NutritionixService.swift in Sources */ = {isa = PBXBuildFile; fileRef = 5A38A1F929C0F7AE00947AEC /* NutritionixService.swift */; };
		5A38A20029C101CC00947AEC /* NutitionixProduct.swift in Sources */ = {isa = PBXBuildFile; fileRef = 5A38A1FF29C101CC00947AEC /* NutitionixProduct.swift */; };
		5A4EA61929C344C300CCAF47 /* ProductEditorView.swift in Sources */ = {isa = PBXBuildFile; fileRef = 5A4EA61829C344C300CCAF47 /* ProductEditorView.swift */; };
		5A4EA61B29C344CE00CCAF47 /* ProductEditorViewModel.swift in Sources */ = {isa = PBXBuildFile; fileRef = 5A4EA61A29C344CE00CCAF47 /* ProductEditorViewModel.swift */; };
		5A4EA61D29C3473500CCAF47 /* Notificationcenter+Ext.swift in Sources */ = {isa = PBXBuildFile; fileRef = 5A4EA61C29C3473500CCAF47 /* Notificationcenter+Ext.swift */; };
		5A4EA61F29C3620B00CCAF47 /* RootViewModel.swift in Sources */ = {isa = PBXBuildFile; fileRef = 5A4EA61E29C3620B00CCAF47 /* RootViewModel.swift */; };
		5A4EA62129C3705D00CCAF47 /* CoreDataManager.swift in Sources */ = {isa = PBXBuildFile; fileRef = 5A4EA62029C3705D00CCAF47 /* CoreDataManager.swift */; };
		5A4EA62429C3808F00CCAF47 /* HomeSymmaryView.swift in Sources */ = {isa = PBXBuildFile; fileRef = 5A4EA62329C3808F00CCAF47 /* HomeSymmaryView.swift */; };
		5A52A6CC29C27F34002A68E5 /* NukeLazyImage.swift in Sources */ = {isa = PBXBuildFile; fileRef = 5A52A6CB29C27F34002A68E5 /* NukeLazyImage.swift */; };
		5A52A6D229C280EE002A68E5 /* NukeUI in Frameworks */ = {isa = PBXBuildFile; productRef = 5A52A6D129C280EE002A68E5 /* NukeUI */; };
		5A52A6D529C28BEF002A68E5 /* LineProgressView.swift in Sources */ = {isa = PBXBuildFile; fileRef = 5A52A6D429C28BEF002A68E5 /* LineProgressView.swift */; };
		5A52A6D729C31440002A68E5 /* SearhFoodViewModel.swift in Sources */ = {isa = PBXBuildFile; fileRef = 5A52A6D629C31440002A68E5 /* SearhFoodViewModel.swift */; };
		5A52A6DD29C3222D002A68E5 /* DetailsProductView.swift in Sources */ = {isa = PBXBuildFile; fileRef = 5A52A6DC29C3222D002A68E5 /* DetailsProductView.swift */; };
		5A52A6DF29C323CC002A68E5 /* DetailsProductViewModel.swift in Sources */ = {isa = PBXBuildFile; fileRef = 5A52A6DE29C323CC002A68E5 /* DetailsProductViewModel.swift */; };
		5A52BEC929C77AE6007129D1 /* ImagePicker.swift in Sources */ = {isa = PBXBuildFile; fileRef = 5A52BEC829C77AE6007129D1 /* ImagePicker.swift */; };
		5A52BECB29C77DD1007129D1 /* FileManager.swift in Sources */ = {isa = PBXBuildFile; fileRef = 5A52BECA29C77DD1007129D1 /* FileManager.swift */; };
		5A52BECC29C77F93007129D1 /* FileManager.swift in Sources */ = {isa = PBXBuildFile; fileRef = 5A52BECA29C77DD1007129D1 /* FileManager.swift */; };
		5A52BECE29C7960E007129D1 /* RootView+OverlayMenu.swift in Sources */ = {isa = PBXBuildFile; fileRef = 5A52BECD29C7960E007129D1 /* RootView+OverlayMenu.swift */; };
		5A52BED129C7BB7D007129D1 /* WaterSettingsView.swift in Sources */ = {isa = PBXBuildFile; fileRef = 5A52BED029C7BB7D007129D1 /* WaterSettingsView.swift */; };
		5A556F0029C46BD4002DAD54 /* NumberTextField.swift in Sources */ = {isa = PBXBuildFile; fileRef = 5A556EFF29C46BD4002DAD54 /* NumberTextField.swift */; };
		5A556F0229C46D09002DAD54 /* ProfilePersonalInformationView.swift in Sources */ = {isa = PBXBuildFile; fileRef = 5A556F0129C46D09002DAD54 /* ProfilePersonalInformationView.swift */; };
		5A556F0429C47BEB002DAD54 /* ButtonStyle.swift in Sources */ = {isa = PBXBuildFile; fileRef = 5A556F0329C47BEB002DAD54 /* ButtonStyle.swift */; };
		5A556F0729C484FD002DAD54 /* RootView.swift in Sources */ = {isa = PBXBuildFile; fileRef = 5A556F0629C484FD002DAD54 /* RootView.swift */; };
		5A556F0929C497A5002DAD54 /* RootView+TabView.swift in Sources */ = {isa = PBXBuildFile; fileRef = 5A556F0829C497A5002DAD54 /* RootView+TabView.swift */; };
		5A556F3429C4A026002DAD54 /* MealType.swift in Sources */ = {isa = PBXBuildFile; fileRef = 5A556F3329C4A026002DAD54 /* MealType.swift */; };
		5A556F4629C4A545002DAD54 /* WidgetKit.framework in Frameworks */ = {isa = PBXBuildFile; fileRef = 5A556F1029C49EB9002DAD54 /* WidgetKit.framework */; };
		5A556F4729C4A545002DAD54 /* SwiftUI.framework in Frameworks */ = {isa = PBXBuildFile; fileRef = 5A556F1229C49EB9002DAD54 /* SwiftUI.framework */; };
		5A556F4A29C4A545002DAD54 /* FoodSecretWidgetBundle.swift in Sources */ = {isa = PBXBuildFile; fileRef = 5A556F4929C4A545002DAD54 /* FoodSecretWidgetBundle.swift */; };
		5A556F4F29C4A546002DAD54 /* Assets.xcassets in Resources */ = {isa = PBXBuildFile; fileRef = 5A556F4E29C4A546002DAD54 /* Assets.xcassets */; };
		5A556F5129C4A546002DAD54 /* FoodSecretWidget.intentdefinition in Sources */ = {isa = PBXBuildFile; fileRef = 5A556F4D29C4A545002DAD54 /* FoodSecretWidget.intentdefinition */; };
		5A556F5229C4A546002DAD54 /* FoodSecretWidget.intentdefinition in Sources */ = {isa = PBXBuildFile; fileRef = 5A556F4D29C4A545002DAD54 /* FoodSecretWidget.intentdefinition */; };
		5A556F5529C4A546002DAD54 /* FoodSecretWidgetExtension.appex in Embed Foundation Extensions */ = {isa = PBXBuildFile; fileRef = 5A556F4529C4A545002DAD54 /* FoodSecretWidgetExtension.appex */; settings = {ATTRIBUTES = (RemoveHeadersOnCopy, ); }; };
		5A556F5C29C4A565002DAD54 /* FoodSecretWidgetEntryView.swift in Sources */ = {isa = PBXBuildFile; fileRef = 5A556F5A29C4A565002DAD54 /* FoodSecretWidgetEntryView.swift */; };
		5A556F5D29C4A566002DAD54 /* FoodSecretWidget.swift in Sources */ = {isa = PBXBuildFile; fileRef = 5A556F5B29C4A565002DAD54 /* FoodSecretWidget.swift */; };
		5A556F6029C4A56F002DAD54 /* Provider.swift in Sources */ = {isa = PBXBuildFile; fileRef = 5A556F5F29C4A56F002DAD54 /* Provider.swift */; };
		5A556F6329C4A57B002DAD54 /* WidgetEntry.swift in Sources */ = {isa = PBXBuildFile; fileRef = 5A556F6229C4A57B002DAD54 /* WidgetEntry.swift */; };
		5A556F6429C4A659002DAD54 /* CoreDataManager.swift in Sources */ = {isa = PBXBuildFile; fileRef = 5A4EA62029C3705D00CCAF47 /* CoreDataManager.swift */; };
		5A556F6529C4A670002DAD54 /* CoreDataFoodSecret.xcdatamodeld in Sources */ = {isa = PBXBuildFile; fileRef = 5AB741BD29C1B3A200821457 /* CoreDataFoodSecret.xcdatamodeld */; };
		5A556F6629C4A67D002DAD54 /* Date+Ext.swift in Sources */ = {isa = PBXBuildFile; fileRef = 5A38A1CB29C080F500947AEC /* Date+Ext.swift */; };
		5A556F6729C4A67F002DAD54 /* Double+ext.swift in Sources */ = {isa = PBXBuildFile; fileRef = 5AB741C429C1DAE100821457 /* Double+ext.swift */; };
		5A556F6829C4A682002DAD54 /* PreviewProvider.swift in Sources */ = {isa = PBXBuildFile; fileRef = 5AB741D929C2149B00821457 /* PreviewProvider.swift */; };
		5A556F6929C4A6CF002DAD54 /* FoodEntity+Extension.swift in Sources */ = {isa = PBXBuildFile; fileRef = 5AB741C229C1BD0200821457 /* FoodEntity+Extension.swift */; };
		5A556F6A29C4A6D2002DAD54 /* WaterEntity+Extensions.swift in Sources */ = {isa = PBXBuildFile; fileRef = 5AB741C629C1DC0B00821457 /* WaterEntity+Extensions.swift */; };
		5A556F6B29C4A6D8002DAD54 /* CoreDataExt.swift in Sources */ = {isa = PBXBuildFile; fileRef = 5AB741B629C1B1FF00821457 /* CoreDataExt.swift */; };
		5A556F6C29C4A6DA002DAD54 /* Persistense.swift in Sources */ = {isa = PBXBuildFile; fileRef = 5AB741B829C1B33600821457 /* Persistense.swift */; };
		5A556F6D29C4A6E9002DAD54 /* NutrientInfo.swift in Sources */ = {isa = PBXBuildFile; fileRef = 5A38A1F229C0F0F400947AEC /* NutrientInfo.swift */; };
		5A556F6E29C4A6F7002DAD54 /* MealType.swift in Sources */ = {isa = PBXBuildFile; fileRef = 5A556F3329C4A026002DAD54 /* MealType.swift */; };
		5A556F6F29C4AF57002DAD54 /* UserHalfInfo.swift in Sources */ = {isa = PBXBuildFile; fileRef = 5A8B706329C4621200379520 /* UserHalfInfo.swift */; };
		5A8B706029C4611900379520 /* UserSettings.swift in Sources */ = {isa = PBXBuildFile; fileRef = 5A8B705F29C4611900379520 /* UserSettings.swift */; };
		5A8B706229C461EF00379520 /* UserDefaults.swift in Sources */ = {isa = PBXBuildFile; fileRef = 5A8B706129C461EF00379520 /* UserDefaults.swift */; };
		5A8B706429C4621200379520 /* UserHalfInfo.swift in Sources */ = {isa = PBXBuildFile; fileRef = 5A8B706329C4621200379520 /* UserHalfInfo.swift */; };
		5A8B706729C4653200379520 /* ProfileView.swift in Sources */ = {isa = PBXBuildFile; fileRef = 5A8B706629C4653200379520 /* ProfileView.swift */; };
		5A8B706929C4656E00379520 /* ProfileViewModel.swift in Sources */ = {isa = PBXBuildFile; fileRef = 5A8B706829C4656E00379520 /* ProfileViewModel.swift */; };
		5AA36D5729C5F5D100BC72D5 /* HapticManager.swift in Sources */ = {isa = PBXBuildFile; fileRef = 5AA36D5629C5F5D100BC72D5 /* HapticManager.swift */; };
		5AA36D5929C6025A00BC72D5 /* MealsMenuView.swift in Sources */ = {isa = PBXBuildFile; fileRef = 5AA36D5829C6025A00BC72D5 /* MealsMenuView.swift */; };
		5AA36D5B29C66C5500BC72D5 /* UIApllication.swift in Sources */ = {isa = PBXBuildFile; fileRef = 5AA36D5A29C66C5500BC72D5 /* UIApllication.swift */; };
		5AA36D5C29C67A8F00BC72D5 /* LineProgressView.swift in Sources */ = {isa = PBXBuildFile; fileRef = 5A52A6D429C28BEF002A68E5 /* LineProgressView.swift */; };
		5AA36D5D29C67E6500BC72D5 /* GlassView.swift in Sources */ = {isa = PBXBuildFile; fileRef = 5A36305729C4FF9F008E7E05 /* GlassView.swift */; };
		5AB741B729C1B1FF00821457 /* CoreDataExt.swift in Sources */ = {isa = PBXBuildFile; fileRef = 5AB741B629C1B1FF00821457 /* CoreDataExt.swift */; };
		5AB741B929C1B33600821457 /* Persistense.swift in Sources */ = {isa = PBXBuildFile; fileRef = 5AB741B829C1B33600821457 /* Persistense.swift */; };
		5AB741BF29C1B3A200821457 /* CoreDataFoodSecret.xcdatamodeld in Sources */ = {isa = PBXBuildFile; fileRef = 5AB741BD29C1B3A200821457 /* CoreDataFoodSecret.xcdatamodeld */; };
		5AB741C329C1BD0200821457 /* FoodEntity+Extension.swift in Sources */ = {isa = PBXBuildFile; fileRef = 5AB741C229C1BD0200821457 /* FoodEntity+Extension.swift */; };
		5AB741C529C1DAE100821457 /* Double+ext.swift in Sources */ = {isa = PBXBuildFile; fileRef = 5AB741C429C1DAE100821457 /* Double+ext.swift */; };
		5AB741C729C1DC0B00821457 /* WaterEntity+Extensions.swift in Sources */ = {isa = PBXBuildFile; fileRef = 5AB741C629C1DC0B00821457 /* WaterEntity+Extensions.swift */; };
		5AB741CA29C1F75E00821457 /* HomeView.swift in Sources */ = {isa = PBXBuildFile; fileRef = 5AB741C929C1F75E00821457 /* HomeView.swift */; };
		5AB741CC29C1F9EF00821457 /* MealsSectionView.swift in Sources */ = {isa = PBXBuildFile; fileRef = 5AB741CB29C1F9EF00821457 /* MealsSectionView.swift */; };
		5AB741CF29C1FD5600821457 /* CircleProgressView.swift in Sources */ = {isa = PBXBuildFile; fileRef = 5AB741CE29C1FD5600821457 /* CircleProgressView.swift */; };
		5AB741D329C206C100821457 /* MealsDetailsView.swift in Sources */ = {isa = PBXBuildFile; fileRef = 5AB741D229C206C100821457 /* MealsDetailsView.swift */; };
		5AB741D629C2096B00821457 /* SearchFoodView.swift in Sources */ = {isa = PBXBuildFile; fileRef = 5AB741D529C2096B00821457 /* SearchFoodView.swift */; };
		5AB741D829C210D800821457 /* AllMealsFoodView.swift in Sources */ = {isa = PBXBuildFile; fileRef = 5AB741D729C210D800821457 /* AllMealsFoodView.swift */; };
		5AB741DA29C2149B00821457 /* PreviewProvider.swift in Sources */ = {isa = PBXBuildFile; fileRef = 5AB741D929C2149B00821457 /* PreviewProvider.swift */; };
		5AB741DD29C21B9E00821457 /* Helper.swift in Sources */ = {isa = PBXBuildFile; fileRef = 5AB741DC29C21B9E00821457 /* Helper.swift */; };
		5AB741DF29C22DFC00821457 /* MealFoodRowView.swift in Sources */ = {isa = PBXBuildFile; fileRef = 5AB741DE29C22DFC00821457 /* MealFoodRowView.swift */; };
		5AB83DDA29C84C610069A349 /* HealthKitManager.swift in Sources */ = {isa = PBXBuildFile; fileRef = 5AB83DD929C84C610069A349 /* HealthKitManager.swift */; };
		5AB83DDC29C84D770069A349 /* HealthKitViewModel.swift in Sources */ = {isa = PBXBuildFile; fileRef = 5AB83DDB29C84D770069A349 /* HealthKitViewModel.swift */; };
		5AB83DDF29C84F560069A349 /* StepsSectionView.swift in Sources */ = {isa = PBXBuildFile; fileRef = 5AB83DDE29C84F560069A349 /* StepsSectionView.swift */; };
		5ABAEEBB29C4BC27005EBA3A /* AppGroup.swift in Sources */ = {isa = PBXBuildFile; fileRef = 5ABAEEBA29C4BC27005EBA3A /* AppGroup.swift */; };
		5ABAEEBE29C4BED3005EBA3A /* AppGroup.swift in Sources */ = {isa = PBXBuildFile; fileRef = 5ABAEEBA29C4BC27005EBA3A /* AppGroup.swift */; };
		5ABAEEBF29C4BF1D005EBA3A /* UserSettings.swift in Sources */ = {isa = PBXBuildFile; fileRef = 5A8B705F29C4611900379520 /* UserSettings.swift */; };
		5ABAEEC029C4BF8B005EBA3A /* UserDefaults.swift in Sources */ = {isa = PBXBuildFile; fileRef = 5A8B706129C461EF00379520 /* UserDefaults.swift */; };
		5ABAEEC129C4C0DA005EBA3A /* CircleProgressView.swift in Sources */ = {isa = PBXBuildFile; fileRef = 5AB741CE29C1FD5600821457 /* CircleProgressView.swift */; };
		5AD358DD29D998DF0035E1D3 /* FoodStore.swift in Sources */ = {isa = PBXBuildFile; fileRef = 5AD358DC29D998DF0035E1D3 /* FoodStore.swift */; };
		5AD358DF29D9ADE20035E1D3 /* .env.swift in Sources */ = {isa = PBXBuildFile; fileRef = 5AD358DE29D9ADE20035E1D3 /* .env.swift */; };
		5AF6B7DE29CB44D80053ECEA /* EdamamAPIService.swift in Sources */ = {isa = PBXBuildFile; fileRef = 5AF6B7DD29CB44D80053ECEA /* EdamamAPIService.swift */; };
		5AF6B7E029CB4B680053ECEA /* EmamSearchRecepiesResult.swift in Sources */ = {isa = PBXBuildFile; fileRef = 5AF6B7DF29CB4B680053ECEA /* EmamSearchRecepiesResult.swift */; };
		5AF6B7E229CC40540053ECEA /* EdamamCuisineType.swift in Sources */ = {isa = PBXBuildFile; fileRef = 5AF6B7E129CC40540053ECEA /* EdamamCuisineType.swift */; };
		5AF6B7E429CC41210053ECEA /* EdamamDishType.swift in Sources */ = {isa = PBXBuildFile; fileRef = 5AF6B7E329CC41210053ECEA /* EdamamDishType.swift */; };
		5AF6B7E629CC421C0053ECEA /* EdamamMealType.swift in Sources */ = {isa = PBXBuildFile; fileRef = 5AF6B7E529CC421C0053ECEA /* EdamamMealType.swift */; };
		5AF6B7E829CC42E70053ECEA /* EdamamDietType.swift in Sources */ = {isa = PBXBuildFile; fileRef = 5AF6B7E729CC42E60053ECEA /* EdamamDietType.swift */; };
		5AF6B7EA29CC464E0053ECEA /* EdamamHealthType.swift in Sources */ = {isa = PBXBuildFile; fileRef = 5AF6B7E929CC464E0053ECEA /* EdamamHealthType.swift */; };
		5AF6B7EC29CC499B0053ECEA /* EdamamSearchQuery.swift in Sources */ = {isa = PBXBuildFile; fileRef = 5AF6B7EB29CC499B0053ECEA /* EdamamSearchQuery.swift */; };
		5AF6B7EE29CC4D670053ECEA /* EdamamCaloriesType.swift in Sources */ = {isa = PBXBuildFile; fileRef = 5AF6B7ED29CC4D670053ECEA /* EdamamCaloriesType.swift */; };
		5AF6B7F029CC53180053ECEA /* EdamamQueryTypeProtocol.swift in Sources */ = {isa = PBXBuildFile; fileRef = 5AF6B7EF29CC53180053ECEA /* EdamamQueryTypeProtocol.swift */; };
		5AF6B7F529CC563B0053ECEA /* MainRecepiesView.swift in Sources */ = {isa = PBXBuildFile; fileRef = 5AF6B7F429CC563B0053ECEA /* MainRecepiesView.swift */; };
		5AF6B7F729CC56760053ECEA /* ReceptCategoriesView.swift in Sources */ = {isa = PBXBuildFile; fileRef = 5AF6B7F629CC56760053ECEA /* ReceptCategoriesView.swift */; };
		5AF6B7F929CC66660053ECEA /* RecepiesViewModel.swift in Sources */ = {isa = PBXBuildFile; fileRef = 5AF6B7F829CC66660053ECEA /* RecepiesViewModel.swift */; };
		5AF6B7FB29CC83FE0053ECEA /* RecepiesListView.swift in Sources */ = {isa = PBXBuildFile; fileRef = 5AF6B7FA29CC83FE0053ECEA /* RecepiesListView.swift */; };
		5AF6B7FD29CC88E80053ECEA /* RecepiesListViewModel.swift in Sources */ = {isa = PBXBuildFile; fileRef = 5AF6B7FC29CC88E80053ECEA /* RecepiesListViewModel.swift */; };
		5AF6B7FF29CC8E100053ECEA /* ReceptRowView.swift in Sources */ = {isa = PBXBuildFile; fileRef = 5AF6B7FE29CC8E100053ECEA /* ReceptRowView.swift */; };
		5AF6B81629CDA3C20053ECEA /* MocksEdamam.swift in Sources */ = {isa = PBXBuildFile; fileRef = 5AF6B81529CDA3C20053ECEA /* MocksEdamam.swift */; };
		5AF6B81929CDAE0A0053ECEA /* ImageSlider.swift in Sources */ = {isa = PBXBuildFile; fileRef = 5AF6B81829CDAE0A0053ECEA /* ImageSlider.swift */; };
		5AF6B81B29CDB21E0053ECEA /* ReceptDetailsView.swift in Sources */ = {isa = PBXBuildFile; fileRef = 5AF6B81A29CDB21E0053ECEA /* ReceptDetailsView.swift */; };
		5AF6B81D29CDB2DF0053ECEA /* GeaometryReader.swift in Sources */ = {isa = PBXBuildFile; fileRef = 5AF6B81C29CDB2DF0053ECEA /* GeaometryReader.swift */; };
		5AF6B82129CDBA3E0053ECEA /* TagLayoutView.swift in Sources */ = {isa = PBXBuildFile; fileRef = 5AF6B82029CDBA3E0053ECEA /* TagLayoutView.swift */; };
		5AF6B82329CDC2840053ECEA /* CircleIconButtonView.swift in Sources */ = {isa = PBXBuildFile; fileRef = 5AF6B82229CDC2840053ECEA /* CircleIconButtonView.swift */; };
		5AF6B85229D0DB840053ECEA /* Alamofire in Frameworks */ = {isa = PBXBuildFile; productRef = 5AF6B85129D0DB840053ECEA /* Alamofire */; };
		5AF6B85429D0E42D0053ECEA /* NutritionixRouter.swift in Sources */ = {isa = PBXBuildFile; fileRef = 5AF6B85329D0E42D0053ECEA /* NutritionixRouter.swift */; };
		5AF6B85829D0E9F30053ECEA /* Alamofire+Ext.swift in Sources */ = {isa = PBXBuildFile; fileRef = 5AF6B85729D0E9F30053ECEA /* Alamofire+Ext.swift */; };
		5AF6B85A29D0F0D90053ECEA /* EdamamRoute.swift in Sources */ = {isa = PBXBuildFile; fileRef = 5AF6B85929D0F0D90053ECEA /* EdamamRoute.swift */; };
/* End PBXBuildFile section */

/* Begin PBXContainerItemProxy section */
		5A556F5329C4A546002DAD54 /* PBXContainerItemProxy */ = {
			isa = PBXContainerItemProxy;
			containerPortal = 5A38A1AB29C0802600947AEC /* Project object */;
			proxyType = 1;
			remoteGlobalIDString = 5A556F4429C4A545002DAD54;
			remoteInfo = FoodSecretWidgetExtension;
		};
/* End PBXContainerItemProxy section */

/* Begin PBXCopyFilesBuildPhase section */
		5A556F2729C49EBA002DAD54 /* Embed Foundation Extensions */ = {
			isa = PBXCopyFilesBuildPhase;
			buildActionMask = 2147483647;
			dstPath = "";
			dstSubfolderSpec = 13;
			files = (
				5A556F5529C4A546002DAD54 /* FoodSecretWidgetExtension.appex in Embed Foundation Extensions */,
			);
			name = "Embed Foundation Extensions";
			runOnlyForDeploymentPostprocessing = 0;
		};
/* End PBXCopyFilesBuildPhase section */

/* Begin PBXFileReference section */
		5A36305529C4FE7E008E7E05 /* WaterSectionView.swift */ = {isa = PBXFileReference; lastKnownFileType = sourcecode.swift; path = WaterSectionView.swift; sourceTree = "<group>"; };
		5A36305729C4FF9F008E7E05 /* GlassView.swift */ = {isa = PBXFileReference; lastKnownFileType = sourcecode.swift; path = GlassView.swift; sourceTree = "<group>"; };
		5A36306029C51F03008E7E05 /* Color.swift */ = {isa = PBXFileReference; lastKnownFileType = sourcecode.swift; path = Color.swift; sourceTree = "<group>"; };
		5A36306329C52254008E7E05 /* CustomDatePicker.swift */ = {isa = PBXFileReference; lastKnownFileType = sourcecode.swift; path = CustomDatePicker.swift; sourceTree = "<group>"; };
		5A36306629C5276A008E7E05 /* DatePickerSheetView.swift */ = {isa = PBXFileReference; lastKnownFileType = sourcecode.swift; path = DatePickerSheetView.swift; sourceTree = "<group>"; };
		5A38A1B329C0802600947AEC /* FoodSecret.app */ = {isa = PBXFileReference; explicitFileType = wrapper.application; includeInIndex = 0; path = FoodSecret.app; sourceTree = BUILT_PRODUCTS_DIR; };
		5A38A1B629C0802600947AEC /* FoodSecretApp.swift */ = {isa = PBXFileReference; lastKnownFileType = sourcecode.swift; path = FoodSecretApp.swift; sourceTree = "<group>"; };
		5A38A1B829C0802600947AEC /* ContentView.swift */ = {isa = PBXFileReference; lastKnownFileType = sourcecode.swift; path = ContentView.swift; sourceTree = "<group>"; };
		5A38A1BA29C0802800947AEC /* Assets.xcassets */ = {isa = PBXFileReference; lastKnownFileType = folder.assetcatalog; path = Assets.xcassets; sourceTree = "<group>"; };
		5A38A1BD29C0802800947AEC /* Preview Assets.xcassets */ = {isa = PBXFileReference; lastKnownFileType = folder.assetcatalog; path = "Preview Assets.xcassets"; sourceTree = "<group>"; };
		5A38A1C929C0807000947AEC /* View+extension.swift */ = {isa = PBXFileReference; lastKnownFileType = sourcecode.swift; path = "View+extension.swift"; sourceTree = "<group>"; };
		5A38A1CB29C080F500947AEC /* Date+Ext.swift */ = {isa = PBXFileReference; lastKnownFileType = sourcecode.swift; path = "Date+Ext.swift"; sourceTree = "<group>"; };
		5A38A1EE29C0D9A200947AEC /* Info.plist */ = {isa = PBXFileReference; lastKnownFileType = text.plist; path = Info.plist; sourceTree = "<group>"; };
		5A38A1F029C0EFF800947AEC /* ProductSearchResult.swift */ = {isa = PBXFileReference; lastKnownFileType = sourcecode.swift; path = ProductSearchResult.swift; sourceTree = "<group>"; };
		5A38A1F229C0F0F400947AEC /* NutrientInfo.swift */ = {isa = PBXFileReference; lastKnownFileType = sourcecode.swift; path = NutrientInfo.swift; sourceTree = "<group>"; };
		5A38A1F929C0F7AE00947AEC /* NutritionixService.swift */ = {isa = PBXFileReference; lastKnownFileType = sourcecode.swift; path = NutritionixService.swift; sourceTree = "<group>"; };
		5A38A1FF29C101CC00947AEC /* NutitionixProduct.swift */ = {isa = PBXFileReference; lastKnownFileType = sourcecode.swift; path = NutitionixProduct.swift; sourceTree = "<group>"; };
		5A4EA61829C344C300CCAF47 /* ProductEditorView.swift */ = {isa = PBXFileReference; lastKnownFileType = sourcecode.swift; path = ProductEditorView.swift; sourceTree = "<group>"; };
		5A4EA61A29C344CE00CCAF47 /* ProductEditorViewModel.swift */ = {isa = PBXFileReference; lastKnownFileType = sourcecode.swift; path = ProductEditorViewModel.swift; sourceTree = "<group>"; };
		5A4EA61C29C3473500CCAF47 /* Notificationcenter+Ext.swift */ = {isa = PBXFileReference; lastKnownFileType = sourcecode.swift; path = "Notificationcenter+Ext.swift"; sourceTree = "<group>"; };
		5A4EA61E29C3620B00CCAF47 /* RootViewModel.swift */ = {isa = PBXFileReference; lastKnownFileType = sourcecode.swift; path = RootViewModel.swift; sourceTree = "<group>"; };
		5A4EA62029C3705D00CCAF47 /* CoreDataManager.swift */ = {isa = PBXFileReference; lastKnownFileType = sourcecode.swift; path = CoreDataManager.swift; sourceTree = "<group>"; };
		5A4EA62329C3808F00CCAF47 /* HomeSymmaryView.swift */ = {isa = PBXFileReference; lastKnownFileType = sourcecode.swift; path = HomeSymmaryView.swift; sourceTree = "<group>"; };
		5A52A6CB29C27F34002A68E5 /* NukeLazyImage.swift */ = {isa = PBXFileReference; lastKnownFileType = sourcecode.swift; path = NukeLazyImage.swift; sourceTree = "<group>"; };
		5A52A6D429C28BEF002A68E5 /* LineProgressView.swift */ = {isa = PBXFileReference; lastKnownFileType = sourcecode.swift; path = LineProgressView.swift; sourceTree = "<group>"; };
		5A52A6D629C31440002A68E5 /* SearhFoodViewModel.swift */ = {isa = PBXFileReference; lastKnownFileType = sourcecode.swift; path = SearhFoodViewModel.swift; sourceTree = "<group>"; };
		5A52A6DC29C3222D002A68E5 /* DetailsProductView.swift */ = {isa = PBXFileReference; lastKnownFileType = sourcecode.swift; path = DetailsProductView.swift; sourceTree = "<group>"; };
		5A52A6DE29C323CC002A68E5 /* DetailsProductViewModel.swift */ = {isa = PBXFileReference; lastKnownFileType = sourcecode.swift; path = DetailsProductViewModel.swift; sourceTree = "<group>"; };
		5A52BEC829C77AE6007129D1 /* ImagePicker.swift */ = {isa = PBXFileReference; lastKnownFileType = sourcecode.swift; path = ImagePicker.swift; sourceTree = "<group>"; };
		5A52BECA29C77DD1007129D1 /* FileManager.swift */ = {isa = PBXFileReference; lastKnownFileType = sourcecode.swift; path = FileManager.swift; sourceTree = "<group>"; };
		5A52BECD29C7960E007129D1 /* RootView+OverlayMenu.swift */ = {isa = PBXFileReference; lastKnownFileType = sourcecode.swift; path = "RootView+OverlayMenu.swift"; sourceTree = "<group>"; };
		5A52BED029C7BB7D007129D1 /* WaterSettingsView.swift */ = {isa = PBXFileReference; lastKnownFileType = sourcecode.swift; path = WaterSettingsView.swift; sourceTree = "<group>"; };
		5A556EFF29C46BD4002DAD54 /* NumberTextField.swift */ = {isa = PBXFileReference; lastKnownFileType = sourcecode.swift; path = NumberTextField.swift; sourceTree = "<group>"; };
		5A556F0129C46D09002DAD54 /* ProfilePersonalInformationView.swift */ = {isa = PBXFileReference; lastKnownFileType = sourcecode.swift; path = ProfilePersonalInformationView.swift; sourceTree = "<group>"; };
		5A556F0329C47BEB002DAD54 /* ButtonStyle.swift */ = {isa = PBXFileReference; lastKnownFileType = sourcecode.swift; path = ButtonStyle.swift; sourceTree = "<group>"; };
		5A556F0629C484FD002DAD54 /* RootView.swift */ = {isa = PBXFileReference; lastKnownFileType = sourcecode.swift; path = RootView.swift; sourceTree = "<group>"; };
		5A556F0829C497A5002DAD54 /* RootView+TabView.swift */ = {isa = PBXFileReference; lastKnownFileType = sourcecode.swift; path = "RootView+TabView.swift"; sourceTree = "<group>"; };
		5A556F1029C49EB9002DAD54 /* WidgetKit.framework */ = {isa = PBXFileReference; lastKnownFileType = wrapper.framework; name = WidgetKit.framework; path = System/Library/Frameworks/WidgetKit.framework; sourceTree = SDKROOT; };
		5A556F1229C49EB9002DAD54 /* SwiftUI.framework */ = {isa = PBXFileReference; lastKnownFileType = wrapper.framework; name = SwiftUI.framework; path = System/Library/Frameworks/SwiftUI.framework; sourceTree = SDKROOT; };
		5A556F3329C4A026002DAD54 /* MealType.swift */ = {isa = PBXFileReference; lastKnownFileType = sourcecode.swift; path = MealType.swift; sourceTree = "<group>"; };
		5A556F4529C4A545002DAD54 /* FoodSecretWidgetExtension.appex */ = {isa = PBXFileReference; explicitFileType = "wrapper.app-extension"; includeInIndex = 0; path = FoodSecretWidgetExtension.appex; sourceTree = BUILT_PRODUCTS_DIR; };
		5A556F4929C4A545002DAD54 /* FoodSecretWidgetBundle.swift */ = {isa = PBXFileReference; lastKnownFileType = sourcecode.swift; path = FoodSecretWidgetBundle.swift; sourceTree = "<group>"; };
		5A556F4D29C4A545002DAD54 /* FoodSecretWidget.intentdefinition */ = {isa = PBXFileReference; lastKnownFileType = file.intentdefinition; path = FoodSecretWidget.intentdefinition; sourceTree = "<group>"; };
		5A556F4E29C4A546002DAD54 /* Assets.xcassets */ = {isa = PBXFileReference; lastKnownFileType = folder.assetcatalog; path = Assets.xcassets; sourceTree = "<group>"; };
		5A556F5029C4A546002DAD54 /* Info.plist */ = {isa = PBXFileReference; lastKnownFileType = text.plist.xml; path = Info.plist; sourceTree = "<group>"; };
		5A556F5A29C4A565002DAD54 /* FoodSecretWidgetEntryView.swift */ = {isa = PBXFileReference; fileEncoding = 4; lastKnownFileType = sourcecode.swift; path = FoodSecretWidgetEntryView.swift; sourceTree = "<group>"; };
		5A556F5B29C4A565002DAD54 /* FoodSecretWidget.swift */ = {isa = PBXFileReference; fileEncoding = 4; lastKnownFileType = sourcecode.swift; path = FoodSecretWidget.swift; sourceTree = "<group>"; };
		5A556F5F29C4A56F002DAD54 /* Provider.swift */ = {isa = PBXFileReference; fileEncoding = 4; lastKnownFileType = sourcecode.swift; path = Provider.swift; sourceTree = "<group>"; };
		5A556F6229C4A57B002DAD54 /* WidgetEntry.swift */ = {isa = PBXFileReference; fileEncoding = 4; lastKnownFileType = sourcecode.swift; path = WidgetEntry.swift; sourceTree = "<group>"; };
		5A556F7029C4BAE9002DAD54 /* FoodSecretWidgetExtension.entitlements */ = {isa = PBXFileReference; lastKnownFileType = text.plist.entitlements; path = FoodSecretWidgetExtension.entitlements; sourceTree = "<group>"; };
		5A556F7129C4BB2A002DAD54 /* FoodSecret.entitlements */ = {isa = PBXFileReference; lastKnownFileType = text.plist.entitlements; path = FoodSecret.entitlements; sourceTree = "<group>"; };
		5A8B705F29C4611900379520 /* UserSettings.swift */ = {isa = PBXFileReference; lastKnownFileType = sourcecode.swift; path = UserSettings.swift; sourceTree = "<group>"; };
		5A8B706129C461EF00379520 /* UserDefaults.swift */ = {isa = PBXFileReference; lastKnownFileType = sourcecode.swift; path = UserDefaults.swift; sourceTree = "<group>"; };
		5A8B706329C4621200379520 /* UserHalfInfo.swift */ = {isa = PBXFileReference; lastKnownFileType = sourcecode.swift; path = UserHalfInfo.swift; sourceTree = "<group>"; };
		5A8B706629C4653200379520 /* ProfileView.swift */ = {isa = PBXFileReference; lastKnownFileType = sourcecode.swift; path = ProfileView.swift; sourceTree = "<group>"; };
		5A8B706829C4656E00379520 /* ProfileViewModel.swift */ = {isa = PBXFileReference; lastKnownFileType = sourcecode.swift; path = ProfileViewModel.swift; sourceTree = "<group>"; };
		5AA36D5629C5F5D100BC72D5 /* HapticManager.swift */ = {isa = PBXFileReference; lastKnownFileType = sourcecode.swift; path = HapticManager.swift; sourceTree = "<group>"; };
		5AA36D5829C6025A00BC72D5 /* MealsMenuView.swift */ = {isa = PBXFileReference; lastKnownFileType = sourcecode.swift; path = MealsMenuView.swift; sourceTree = "<group>"; };
		5AA36D5A29C66C5500BC72D5 /* UIApllication.swift */ = {isa = PBXFileReference; lastKnownFileType = sourcecode.swift; path = UIApllication.swift; sourceTree = "<group>"; };
		5AB741B629C1B1FF00821457 /* CoreDataExt.swift */ = {isa = PBXFileReference; lastKnownFileType = sourcecode.swift; path = CoreDataExt.swift; sourceTree = "<group>"; };
		5AB741B829C1B33600821457 /* Persistense.swift */ = {isa = PBXFileReference; lastKnownFileType = sourcecode.swift; path = Persistense.swift; sourceTree = "<group>"; };
		5AB741BE29C1B3A200821457 /* CoreDataFoodSecret.xcdatamodel */ = {isa = PBXFileReference; lastKnownFileType = wrapper.xcdatamodel; path = CoreDataFoodSecret.xcdatamodel; sourceTree = "<group>"; };
		5AB741C229C1BD0200821457 /* FoodEntity+Extension.swift */ = {isa = PBXFileReference; lastKnownFileType = sourcecode.swift; path = "FoodEntity+Extension.swift"; sourceTree = "<group>"; };
		5AB741C429C1DAE100821457 /* Double+ext.swift */ = {isa = PBXFileReference; lastKnownFileType = sourcecode.swift; path = "Double+ext.swift"; sourceTree = "<group>"; };
		5AB741C629C1DC0B00821457 /* WaterEntity+Extensions.swift */ = {isa = PBXFileReference; lastKnownFileType = sourcecode.swift; path = "WaterEntity+Extensions.swift"; sourceTree = "<group>"; };
		5AB741C929C1F75E00821457 /* HomeView.swift */ = {isa = PBXFileReference; lastKnownFileType = sourcecode.swift; path = HomeView.swift; sourceTree = "<group>"; };
		5AB741CB29C1F9EF00821457 /* MealsSectionView.swift */ = {isa = PBXFileReference; lastKnownFileType = sourcecode.swift; path = MealsSectionView.swift; sourceTree = "<group>"; };
		5AB741CE29C1FD5600821457 /* CircleProgressView.swift */ = {isa = PBXFileReference; lastKnownFileType = sourcecode.swift; path = CircleProgressView.swift; sourceTree = "<group>"; };
		5AB741D229C206C100821457 /* MealsDetailsView.swift */ = {isa = PBXFileReference; lastKnownFileType = sourcecode.swift; path = MealsDetailsView.swift; sourceTree = "<group>"; };
		5AB741D529C2096B00821457 /* SearchFoodView.swift */ = {isa = PBXFileReference; lastKnownFileType = sourcecode.swift; path = SearchFoodView.swift; sourceTree = "<group>"; };
		5AB741D729C210D800821457 /* AllMealsFoodView.swift */ = {isa = PBXFileReference; lastKnownFileType = sourcecode.swift; path = AllMealsFoodView.swift; sourceTree = "<group>"; };
		5AB741D929C2149B00821457 /* PreviewProvider.swift */ = {isa = PBXFileReference; lastKnownFileType = sourcecode.swift; path = PreviewProvider.swift; sourceTree = "<group>"; };
		5AB741DC29C21B9E00821457 /* Helper.swift */ = {isa = PBXFileReference; lastKnownFileType = sourcecode.swift; path = Helper.swift; sourceTree = "<group>"; };
		5AB741DE29C22DFC00821457 /* MealFoodRowView.swift */ = {isa = PBXFileReference; lastKnownFileType = sourcecode.swift; path = MealFoodRowView.swift; sourceTree = "<group>"; };
		5AB83DD929C84C610069A349 /* HealthKitManager.swift */ = {isa = PBXFileReference; lastKnownFileType = sourcecode.swift; path = HealthKitManager.swift; sourceTree = "<group>"; };
		5AB83DDB29C84D770069A349 /* HealthKitViewModel.swift */ = {isa = PBXFileReference; lastKnownFileType = sourcecode.swift; path = HealthKitViewModel.swift; sourceTree = "<group>"; };
		5AB83DDE29C84F560069A349 /* StepsSectionView.swift */ = {isa = PBXFileReference; lastKnownFileType = sourcecode.swift; path = StepsSectionView.swift; sourceTree = "<group>"; };
		5ABAEEBA29C4BC27005EBA3A /* AppGroup.swift */ = {isa = PBXFileReference; lastKnownFileType = sourcecode.swift; path = AppGroup.swift; sourceTree = "<group>"; };
		5AD358DC29D998DF0035E1D3 /* FoodStore.swift */ = {isa = PBXFileReference; lastKnownFileType = sourcecode.swift; path = FoodStore.swift; sourceTree = "<group>"; };
		5AD358DE29D9ADE20035E1D3 /* .env.swift */ = {isa = PBXFileReference; lastKnownFileType = sourcecode.swift; path = .env.swift; sourceTree = "<group>"; };
		5AF6B7DD29CB44D80053ECEA /* EdamamAPIService.swift */ = {isa = PBXFileReference; lastKnownFileType = sourcecode.swift; path = EdamamAPIService.swift; sourceTree = "<group>"; };
		5AF6B7DF29CB4B680053ECEA /* EmamSearchRecepiesResult.swift */ = {isa = PBXFileReference; lastKnownFileType = sourcecode.swift; path = EmamSearchRecepiesResult.swift; sourceTree = "<group>"; };
		5AF6B7E129CC40540053ECEA /* EdamamCuisineType.swift */ = {isa = PBXFileReference; lastKnownFileType = sourcecode.swift; path = EdamamCuisineType.swift; sourceTree = "<group>"; };
		5AF6B7E329CC41210053ECEA /* EdamamDishType.swift */ = {isa = PBXFileReference; lastKnownFileType = sourcecode.swift; path = EdamamDishType.swift; sourceTree = "<group>"; };
		5AF6B7E529CC421C0053ECEA /* EdamamMealType.swift */ = {isa = PBXFileReference; lastKnownFileType = sourcecode.swift; path = EdamamMealType.swift; sourceTree = "<group>"; };
		5AF6B7E729CC42E60053ECEA /* EdamamDietType.swift */ = {isa = PBXFileReference; lastKnownFileType = sourcecode.swift; path = EdamamDietType.swift; sourceTree = "<group>"; };
		5AF6B7E929CC464E0053ECEA /* EdamamHealthType.swift */ = {isa = PBXFileReference; lastKnownFileType = sourcecode.swift; path = EdamamHealthType.swift; sourceTree = "<group>"; };
		5AF6B7EB29CC499B0053ECEA /* EdamamSearchQuery.swift */ = {isa = PBXFileReference; lastKnownFileType = sourcecode.swift; path = EdamamSearchQuery.swift; sourceTree = "<group>"; };
		5AF6B7ED29CC4D670053ECEA /* EdamamCaloriesType.swift */ = {isa = PBXFileReference; lastKnownFileType = sourcecode.swift; path = EdamamCaloriesType.swift; sourceTree = "<group>"; };
		5AF6B7EF29CC53180053ECEA /* EdamamQueryTypeProtocol.swift */ = {isa = PBXFileReference; lastKnownFileType = sourcecode.swift; path = EdamamQueryTypeProtocol.swift; sourceTree = "<group>"; };
		5AF6B7F429CC563B0053ECEA /* MainRecepiesView.swift */ = {isa = PBXFileReference; lastKnownFileType = sourcecode.swift; path = MainRecepiesView.swift; sourceTree = "<group>"; };
		5AF6B7F629CC56760053ECEA /* ReceptCategoriesView.swift */ = {isa = PBXFileReference; lastKnownFileType = sourcecode.swift; path = ReceptCategoriesView.swift; sourceTree = "<group>"; };
		5AF6B7F829CC66660053ECEA /* RecepiesViewModel.swift */ = {isa = PBXFileReference; lastKnownFileType = sourcecode.swift; path = RecepiesViewModel.swift; sourceTree = "<group>"; };
		5AF6B7FA29CC83FE0053ECEA /* RecepiesListView.swift */ = {isa = PBXFileReference; lastKnownFileType = sourcecode.swift; path = RecepiesListView.swift; sourceTree = "<group>"; };
		5AF6B7FC29CC88E80053ECEA /* RecepiesListViewModel.swift */ = {isa = PBXFileReference; lastKnownFileType = sourcecode.swift; path = RecepiesListViewModel.swift; sourceTree = "<group>"; };
		5AF6B7FE29CC8E100053ECEA /* ReceptRowView.swift */ = {isa = PBXFileReference; lastKnownFileType = sourcecode.swift; path = ReceptRowView.swift; sourceTree = "<group>"; };
		5AF6B81529CDA3C20053ECEA /* MocksEdamam.swift */ = {isa = PBXFileReference; lastKnownFileType = sourcecode.swift; path = MocksEdamam.swift; sourceTree = "<group>"; };
		5AF6B81829CDAE0A0053ECEA /* ImageSlider.swift */ = {isa = PBXFileReference; lastKnownFileType = sourcecode.swift; path = ImageSlider.swift; sourceTree = "<group>"; };
		5AF6B81A29CDB21E0053ECEA /* ReceptDetailsView.swift */ = {isa = PBXFileReference; lastKnownFileType = sourcecode.swift; path = ReceptDetailsView.swift; sourceTree = "<group>"; };
		5AF6B81C29CDB2DF0053ECEA /* GeaometryReader.swift */ = {isa = PBXFileReference; lastKnownFileType = sourcecode.swift; path = GeaometryReader.swift; sourceTree = "<group>"; };
		5AF6B82029CDBA3E0053ECEA /* TagLayoutView.swift */ = {isa = PBXFileReference; lastKnownFileType = sourcecode.swift; path = TagLayoutView.swift; sourceTree = "<group>"; };
		5AF6B82229CDC2840053ECEA /* CircleIconButtonView.swift */ = {isa = PBXFileReference; lastKnownFileType = sourcecode.swift; path = CircleIconButtonView.swift; sourceTree = "<group>"; };
		5AF6B85329D0E42D0053ECEA /* NutritionixRouter.swift */ = {isa = PBXFileReference; lastKnownFileType = sourcecode.swift; path = NutritionixRouter.swift; sourceTree = "<group>"; };
		5AF6B85729D0E9F30053ECEA /* Alamofire+Ext.swift */ = {isa = PBXFileReference; lastKnownFileType = sourcecode.swift; path = "Alamofire+Ext.swift"; sourceTree = "<group>"; };
		5AF6B85929D0F0D90053ECEA /* EdamamRoute.swift */ = {isa = PBXFileReference; lastKnownFileType = sourcecode.swift; path = EdamamRoute.swift; sourceTree = "<group>"; };
/* End PBXFileReference section */

/* Begin PBXFrameworksBuildPhase section */
		5A38A1B029C0802600947AEC /* Frameworks */ = {
			isa = PBXFrameworksBuildPhase;
			buildActionMask = 2147483647;
			files = (
				5A52A6D229C280EE002A68E5 /* NukeUI in Frameworks */,
				5AF6B85229D0DB840053ECEA /* Alamofire in Frameworks */,
			);
			runOnlyForDeploymentPostprocessing = 0;
		};
		5A556F4229C4A545002DAD54 /* Frameworks */ = {
			isa = PBXFrameworksBuildPhase;
			buildActionMask = 2147483647;
			files = (
				5A556F4729C4A545002DAD54 /* SwiftUI.framework in Frameworks */,
				5A556F4629C4A545002DAD54 /* WidgetKit.framework in Frameworks */,
			);
			runOnlyForDeploymentPostprocessing = 0;
		};
/* End PBXFrameworksBuildPhase section */

/* Begin PBXGroup section */
		5A36305429C4FE6D008E7E05 /* WaterSectionView */ = {
			isa = PBXGroup;
			children = (
				5A36305529C4FE7E008E7E05 /* WaterSectionView.swift */,
				5A36305729C4FF9F008E7E05 /* GlassView.swift */,
			);
			path = WaterSectionView;
			sourceTree = "<group>";
		};
		5A36306229C52245008E7E05 /* DatePicker */ = {
			isa = PBXGroup;
			children = (
				5A36306329C52254008E7E05 /* CustomDatePicker.swift */,
			);
			path = DatePicker;
			sourceTree = "<group>";
		};
		5A36306529C52756008E7E05 /* DatePickerSheet */ = {
			isa = PBXGroup;
			children = (
				5A36306629C5276A008E7E05 /* DatePickerSheetView.swift */,
			);
			path = DatePickerSheet;
			sourceTree = "<group>";
		};
		5A38A1AA29C0802600947AEC = {
			isa = PBXGroup;
			children = (
				5A556F7029C4BAE9002DAD54 /* FoodSecretWidgetExtension.entitlements */,
				5A38A1B529C0802600947AEC /* FoodSecret */,
				5A556F4829C4A545002DAD54 /* FoodSecretWidget */,
				5A556F0F29C49EB9002DAD54 /* Frameworks */,
				5A38A1B429C0802600947AEC /* Products */,
			);
			sourceTree = "<group>";
		};
		5A38A1B429C0802600947AEC /* Products */ = {
			isa = PBXGroup;
			children = (
				5A38A1B329C0802600947AEC /* FoodSecret.app */,
				5A556F4529C4A545002DAD54 /* FoodSecretWidgetExtension.appex */,
			);
			name = Products;
			sourceTree = "<group>";
		};
		5A38A1B529C0802600947AEC /* FoodSecret */ = {
			isa = PBXGroup;
			children = (
				5A556F7129C4BB2A002DAD54 /* FoodSecret.entitlements */,
				5A38A1EE29C0D9A200947AEC /* Info.plist */,
				5A38A1C729C0803B00947AEC /* App */,
				5A38A1C629C0803400947AEC /* Source */,
				5A38A1C529C0803100947AEC /* Utils */,
				5A38A1C429C0802C00947AEC /* Services */,
				5A38A1BA29C0802800947AEC /* Assets.xcassets */,
				5A38A1BC29C0802800947AEC /* Preview Content */,
			);
			path = FoodSecret;
			sourceTree = "<group>";
		};
		5A38A1BC29C0802800947AEC /* Preview Content */ = {
			isa = PBXGroup;
			children = (
				5A38A1BD29C0802800947AEC /* Preview Assets.xcassets */,
			);
			path = "Preview Content";
			sourceTree = "<group>";
		};
		5A38A1C429C0802C00947AEC /* Services */ = {
			isa = PBXGroup;
			children = (
				5AF6B7DA29CB42F90053ECEA /* EdamamAPI */,
				5AB83DD829C84C540069A349 /* HealthKit */,
				5AB741B429C1B1C400821457 /* CodeData */,
				5A38A1F429C0F44B00947AEC /* NutritionixAPI */,
			);
			path = Services;
			sourceTree = "<group>";
		};
		5A38A1C529C0803100947AEC /* Utils */ = {
			isa = PBXGroup;
			children = (
				5A556F7229C4BBB6002DAD54 /* AppGroup */,
				5AB741DB29C21B9500821457 /* Helpers */,
				5A38A1C829C0806300947AEC /* Extension */,
			);
			path = Utils;
			sourceTree = "<group>";
		};
		5A38A1C629C0803400947AEC /* Source */ = {
			isa = PBXGroup;
			children = (
				5A38A1FC29C0FB9200947AEC /* ViewModels */,
				5A38A1FB29C0FB8D00947AEC /* Views */,
				5A38A1EF29C0EFE700947AEC /* Models */,
			);
			path = Source;
			sourceTree = "<group>";
		};
		5A38A1C729C0803B00947AEC /* App */ = {
			isa = PBXGroup;
			children = (
				5A38A1B829C0802600947AEC /* ContentView.swift */,
				5A38A1B629C0802600947AEC /* FoodSecretApp.swift */,
				5AD358DE29D9ADE20035E1D3 /* .env.swift */,
			);
			path = App;
			sourceTree = "<group>";
		};
		5A38A1C829C0806300947AEC /* Extension */ = {
			isa = PBXGroup;
			children = (
				5A38A1C929C0807000947AEC /* View+extension.swift */,
				5A38A1CB29C080F500947AEC /* Date+Ext.swift */,
				5AB741C429C1DAE100821457 /* Double+ext.swift */,
				5AB741D929C2149B00821457 /* PreviewProvider.swift */,
				5A4EA61C29C3473500CCAF47 /* Notificationcenter+Ext.swift */,
				5A8B706129C461EF00379520 /* UserDefaults.swift */,
				5A36306029C51F03008E7E05 /* Color.swift */,
				5AA36D5A29C66C5500BC72D5 /* UIApllication.swift */,
				5A52BECA29C77DD1007129D1 /* FileManager.swift */,
				5AF6B81C29CDB2DF0053ECEA /* GeaometryReader.swift */,
				5AF6B85729D0E9F30053ECEA /* Alamofire+Ext.swift */,
			);
			path = Extension;
			sourceTree = "<group>";
		};
		5A38A1EF29C0EFE700947AEC /* Models */ = {
			isa = PBXGroup;
			children = (
				5AF6B7D729CB3ECB0053ECEA /* Edamam */,
				5A556F3229C4A01A002DAD54 /* MealType */,
				5A8B706529C4621800379520 /* UserHalfInfo */,
				5AB741C029C1B72800821457 /* Nutritionix */,
			);
			path = Models;
			sourceTree = "<group>";
		};
		5A38A1F429C0F44B00947AEC /* NutritionixAPI */ = {
			isa = PBXGroup;
			children = (
				5A38A1F929C0F7AE00947AEC /* NutritionixService.swift */,
				5AF6B85329D0E42D0053ECEA /* NutritionixRouter.swift */,
			);
			path = NutritionixAPI;
			sourceTree = "<group>";
		};
		5A38A1FB29C0FB8D00947AEC /* Views */ = {
			isa = PBXGroup;
			children = (
				5AF6B7F129CC56170053ECEA /* Recepies */,
				5AB741CD29C1FD3F00821457 /* ViewComponents */,
				5A8B705E29C4610B00379520 /* ProfileView */,
				5A556F0529C484E5002DAD54 /* RootView */,
				5AB741C829C1F73F00821457 /* HomeView */,
			);
			path = Views;
			sourceTree = "<group>";
		};
		5A38A1FC29C0FB9200947AEC /* ViewModels */ = {
			isa = PBXGroup;
			children = (
				5A4EA61E29C3620B00CCAF47 /* RootViewModel.swift */,
				5A52A6D629C31440002A68E5 /* SearhFoodViewModel.swift */,
				5A52A6DE29C323CC002A68E5 /* DetailsProductViewModel.swift */,
				5A4EA61A29C344CE00CCAF47 /* ProductEditorViewModel.swift */,
				5A8B706829C4656E00379520 /* ProfileViewModel.swift */,
				5AB83DDB29C84D770069A349 /* HealthKitViewModel.swift */,
				5AF6B7F829CC66660053ECEA /* RecepiesViewModel.swift */,
				5AF6B7FC29CC88E80053ECEA /* RecepiesListViewModel.swift */,
			);
			path = ViewModels;
			sourceTree = "<group>";
		};
		5A4EA61729C3448F00CCAF47 /* ProductEditorView */ = {
			isa = PBXGroup;
			children = (
				5A4EA61829C344C300CCAF47 /* ProductEditorView.swift */,
			);
			path = ProductEditorView;
			sourceTree = "<group>";
		};
		5A4EA62229C3808700CCAF47 /* HomeSymmaryView */ = {
			isa = PBXGroup;
			children = (
				5A4EA62329C3808F00CCAF47 /* HomeSymmaryView.swift */,
			);
			path = HomeSymmaryView;
			sourceTree = "<group>";
		};
		5A52A6D329C28BDB002A68E5 /* ProgressBars */ = {
			isa = PBXGroup;
			children = (
				5AB741CE29C1FD5600821457 /* CircleProgressView.swift */,
				5A52A6D429C28BEF002A68E5 /* LineProgressView.swift */,
			);
			path = ProgressBars;
			sourceTree = "<group>";
		};
		5A52A6D829C321C1002A68E5 /* SearchFoodView */ = {
			isa = PBXGroup;
			children = (
				5AB741D529C2096B00821457 /* SearchFoodView.swift */,
				5A52A6DC29C3222D002A68E5 /* DetailsProductView.swift */,
			);
			path = SearchFoodView;
			sourceTree = "<group>";
		};
		5A52A6E029C32B27002A68E5 /* Buttons */ = {
			isa = PBXGroup;
			children = (
				5A556F0329C47BEB002DAD54 /* ButtonStyle.swift */,
				5AF6B82229CDC2840053ECEA /* CircleIconButtonView.swift */,
			);
			path = Buttons;
			sourceTree = "<group>";
		};
		5A52BEC729C77AD8007129D1 /* ImagePicker */ = {
			isa = PBXGroup;
			children = (
				5A52BEC829C77AE6007129D1 /* ImagePicker.swift */,
			);
			path = ImagePicker;
			sourceTree = "<group>";
		};
		5A52BECF29C7B519007129D1 /* ProfileLinksView */ = {
			isa = PBXGroup;
			children = (
				5A556F0129C46D09002DAD54 /* ProfilePersonalInformationView.swift */,
				5A52BED029C7BB7D007129D1 /* WaterSettingsView.swift */,
			);
			path = ProfileLinksView;
			sourceTree = "<group>";
		};
		5A556EFE29C46BC3002DAD54 /* TextFields */ = {
			isa = PBXGroup;
			children = (
				5A556EFF29C46BD4002DAD54 /* NumberTextField.swift */,
			);
			path = TextFields;
			sourceTree = "<group>";
		};
		5A556F0529C484E5002DAD54 /* RootView */ = {
			isa = PBXGroup;
			children = (
				5A556F0629C484FD002DAD54 /* RootView.swift */,
				5A556F0829C497A5002DAD54 /* RootView+TabView.swift */,
				5AA36D5829C6025A00BC72D5 /* MealsMenuView.swift */,
				5A52BECD29C7960E007129D1 /* RootView+OverlayMenu.swift */,
			);
			path = RootView;
			sourceTree = "<group>";
		};
		5A556F0F29C49EB9002DAD54 /* Frameworks */ = {
			isa = PBXGroup;
			children = (
				5A556F1029C49EB9002DAD54 /* WidgetKit.framework */,
				5A556F1229C49EB9002DAD54 /* SwiftUI.framework */,
			);
			name = Frameworks;
			sourceTree = "<group>";
		};
		5A556F3229C4A01A002DAD54 /* MealType */ = {
			isa = PBXGroup;
			children = (
				5A556F3329C4A026002DAD54 /* MealType.swift */,
			);
			path = MealType;
			sourceTree = "<group>";
		};
		5A556F4829C4A545002DAD54 /* FoodSecretWidget */ = {
			isa = PBXGroup;
			children = (
				5ABAEEC229C4C218005EBA3A /* Widgets */,
				5A556F6129C4A57B002DAD54 /* Entry */,
				5A556F5E29C4A56F002DAD54 /* Provider */,
				5A556F5929C4A565002DAD54 /* View */,
				5A556F4929C4A545002DAD54 /* FoodSecretWidgetBundle.swift */,
				5A556F4D29C4A545002DAD54 /* FoodSecretWidget.intentdefinition */,
				5A556F4E29C4A546002DAD54 /* Assets.xcassets */,
				5A556F5029C4A546002DAD54 /* Info.plist */,
			);
			path = FoodSecretWidget;
			sourceTree = "<group>";
		};
		5A556F5929C4A565002DAD54 /* View */ = {
			isa = PBXGroup;
			children = (
				5A556F5A29C4A565002DAD54 /* FoodSecretWidgetEntryView.swift */,
			);
			path = View;
			sourceTree = "<group>";
		};
		5A556F5E29C4A56F002DAD54 /* Provider */ = {
			isa = PBXGroup;
			children = (
				5A556F5F29C4A56F002DAD54 /* Provider.swift */,
			);
			path = Provider;
			sourceTree = "<group>";
		};
		5A556F6129C4A57B002DAD54 /* Entry */ = {
			isa = PBXGroup;
			children = (
				5A556F6229C4A57B002DAD54 /* WidgetEntry.swift */,
			);
			path = Entry;
			sourceTree = "<group>";
		};
		5A556F7229C4BBB6002DAD54 /* AppGroup */ = {
			isa = PBXGroup;
			children = (
				5ABAEEBA29C4BC27005EBA3A /* AppGroup.swift */,
			);
			path = AppGroup;
			sourceTree = "<group>";
		};
		5A8B705E29C4610B00379520 /* ProfileView */ = {
			isa = PBXGroup;
			children = (
				5A52BECF29C7B519007129D1 /* ProfileLinksView */,
				5A8B705F29C4611900379520 /* UserSettings.swift */,
				5A8B706629C4653200379520 /* ProfileView.swift */,
			);
			path = ProfileView;
			sourceTree = "<group>";
		};
		5A8B706529C4621800379520 /* UserHalfInfo */ = {
			isa = PBXGroup;
			children = (
				5A8B706329C4621200379520 /* UserHalfInfo.swift */,
			);
			path = UserHalfInfo;
			sourceTree = "<group>";
		};
		5AB741B429C1B1C400821457 /* CodeData */ = {
			isa = PBXGroup;
			children = (
				5AB741C129C1BCF600821457 /* ModelExtensions */,
				5AB741B529C1B1C900821457 /* Persistence */,
				5AB741BD29C1B3A200821457 /* CoreDataFoodSecret.xcdatamodeld */,
			);
			path = CodeData;
			sourceTree = "<group>";
		};
		5AB741B529C1B1C900821457 /* Persistence */ = {
			isa = PBXGroup;
			children = (
				5AB741B629C1B1FF00821457 /* CoreDataExt.swift */,
				5AB741B829C1B33600821457 /* Persistense.swift */,
				5A4EA62029C3705D00CCAF47 /* CoreDataManager.swift */,
				5AD358DC29D998DF0035E1D3 /* FoodStore.swift */,
			);
			path = Persistence;
			sourceTree = "<group>";
		};
		5AB741C029C1B72800821457 /* Nutritionix */ = {
			isa = PBXGroup;
			children = (
				5A38A1F029C0EFF800947AEC /* ProductSearchResult.swift */,
				5A38A1FF29C101CC00947AEC /* NutitionixProduct.swift */,
				5A38A1F229C0F0F400947AEC /* NutrientInfo.swift */,
			);
			path = Nutritionix;
			sourceTree = "<group>";
		};
		5AB741C129C1BCF600821457 /* ModelExtensions */ = {
			isa = PBXGroup;
			children = (
				5AB741C229C1BD0200821457 /* FoodEntity+Extension.swift */,
				5AB741C629C1DC0B00821457 /* WaterEntity+Extensions.swift */,
			);
			path = ModelExtensions;
			sourceTree = "<group>";
		};
		5AB741C829C1F73F00821457 /* HomeView */ = {
			isa = PBXGroup;
			children = (
				5AB83DDD29C84F3C0069A349 /* HealfKit */,
				5A36306529C52756008E7E05 /* DatePickerSheet */,
				5A36305429C4FE6D008E7E05 /* WaterSectionView */,
				5A4EA62229C3808700CCAF47 /* HomeSymmaryView */,
				5A4EA61729C3448F00CCAF47 /* ProductEditorView */,
				5AB741D029C2068600821457 /* MealsView */,
				5A52A6D829C321C1002A68E5 /* SearchFoodView */,
				5AB741C929C1F75E00821457 /* HomeView.swift */,
			);
			path = HomeView;
			sourceTree = "<group>";
		};
		5AB741CD29C1FD3F00821457 /* ViewComponents */ = {
			isa = PBXGroup;
			children = (
				5AF6B81729CDADFE0053ECEA /* Image */,
				5A52BEC729C77AD8007129D1 /* ImagePicker */,
				5A36306229C52245008E7E05 /* DatePicker */,
				5A556EFE29C46BC3002DAD54 /* TextFields */,
				5A52A6E029C32B27002A68E5 /* Buttons */,
				5A52A6D329C28BDB002A68E5 /* ProgressBars */,
				5AB741DE29C22DFC00821457 /* MealFoodRowView.swift */,
				5A52A6CB29C27F34002A68E5 /* NukeLazyImage.swift */,
				5AF6B82029CDBA3E0053ECEA /* TagLayoutView.swift */,
			);
			path = ViewComponents;
			sourceTree = "<group>";
		};
		5AB741D029C2068600821457 /* MealsView */ = {
			isa = PBXGroup;
			children = (
				5AB741CB29C1F9EF00821457 /* MealsSectionView.swift */,
				5AB741D229C206C100821457 /* MealsDetailsView.swift */,
				5AB741D729C210D800821457 /* AllMealsFoodView.swift */,
			);
			path = MealsView;
			sourceTree = "<group>";
		};
		5AB741DB29C21B9500821457 /* Helpers */ = {
			isa = PBXGroup;
			children = (
				5AB741DC29C21B9E00821457 /* Helper.swift */,
				5AA36D5629C5F5D100BC72D5 /* HapticManager.swift */,
			);
			path = Helpers;
			sourceTree = "<group>";
		};
		5AB83DD829C84C540069A349 /* HealthKit */ = {
			isa = PBXGroup;
			children = (
				5AB83DD929C84C610069A349 /* HealthKitManager.swift */,
			);
			path = HealthKit;
			sourceTree = "<group>";
		};
		5AB83DDD29C84F3C0069A349 /* HealfKit */ = {
			isa = PBXGroup;
			children = (
				5AB83DDE29C84F560069A349 /* StepsSectionView.swift */,
			);
			path = HealfKit;
			sourceTree = "<group>";
		};
		5ABAEEC229C4C218005EBA3A /* Widgets */ = {
			isa = PBXGroup;
			children = (
				5A556F5B29C4A565002DAD54 /* FoodSecretWidget.swift */,
			);
			path = Widgets;
			sourceTree = "<group>";
		};
		5AF6B7D729CB3ECB0053ECEA /* Edamam */ = {
			isa = PBXGroup;
			children = (
				5AF6B7DF29CB4B680053ECEA /* EmamSearchRecepiesResult.swift */,
				5AF6B7E129CC40540053ECEA /* EdamamCuisineType.swift */,
				5AF6B7E329CC41210053ECEA /* EdamamDishType.swift */,
				5AF6B7E529CC421C0053ECEA /* EdamamMealType.swift */,
				5AF6B7E729CC42E60053ECEA /* EdamamDietType.swift */,
				5AF6B7E929CC464E0053ECEA /* EdamamHealthType.swift */,
				5AF6B7EB29CC499B0053ECEA /* EdamamSearchQuery.swift */,
				5AF6B7ED29CC4D670053ECEA /* EdamamCaloriesType.swift */,
				5AF6B7EF29CC53180053ECEA /* EdamamQueryTypeProtocol.swift */,
			);
			path = Edamam;
			sourceTree = "<group>";
		};
		5AF6B7DA29CB42F90053ECEA /* EdamamAPI */ = {
			isa = PBXGroup;
			children = (
				5AF6B7DD29CB44D80053ECEA /* EdamamAPIService.swift */,
				5AF6B81529CDA3C20053ECEA /* MocksEdamam.swift */,
				5AF6B85929D0F0D90053ECEA /* EdamamRoute.swift */,
			);
			path = EdamamAPI;
			sourceTree = "<group>";
		};
		5AF6B7F129CC56170053ECEA /* Recepies */ = {
			isa = PBXGroup;
			children = (
				5AF6B7F429CC563B0053ECEA /* MainRecepiesView.swift */,
				5AF6B7F629CC56760053ECEA /* ReceptCategoriesView.swift */,
				5AF6B7FA29CC83FE0053ECEA /* RecepiesListView.swift */,
				5AF6B7FE29CC8E100053ECEA /* ReceptRowView.swift */,
				5AF6B81A29CDB21E0053ECEA /* ReceptDetailsView.swift */,
			);
			path = Recepies;
			sourceTree = "<group>";
		};
		5AF6B81729CDADFE0053ECEA /* Image */ = {
			isa = PBXGroup;
			children = (
				5AF6B81829CDAE0A0053ECEA /* ImageSlider.swift */,
			);
			path = Image;
			sourceTree = "<group>";
		};
/* End PBXGroup section */

/* Begin PBXNativeTarget section */
		5A38A1B229C0802600947AEC /* FoodSecret */ = {
			isa = PBXNativeTarget;
			buildConfigurationList = 5A38A1C129C0802800947AEC /* Build configuration list for PBXNativeTarget "FoodSecret" */;
			buildPhases = (
				5A38A1AF29C0802600947AEC /* Sources */,
				5A38A1B029C0802600947AEC /* Frameworks */,
				5A38A1B129C0802600947AEC /* Resources */,
				5A556F2729C49EBA002DAD54 /* Embed Foundation Extensions */,
			);
			buildRules = (
			);
			dependencies = (
				5A556F5429C4A546002DAD54 /* PBXTargetDependency */,
			);
			name = FoodSecret;
			packageProductDependencies = (
				5A52A6D129C280EE002A68E5 /* NukeUI */,
				5AF6B85129D0DB840053ECEA /* Alamofire */,
			);
			productName = FoodSecret;
			productReference = 5A38A1B329C0802600947AEC /* FoodSecret.app */;
			productType = "com.apple.product-type.application";
		};
		5A556F4429C4A545002DAD54 /* FoodSecretWidgetExtension */ = {
			isa = PBXNativeTarget;
			buildConfigurationList = 5A556F5629C4A546002DAD54 /* Build configuration list for PBXNativeTarget "FoodSecretWidgetExtension" */;
			buildPhases = (
				5A556F4129C4A545002DAD54 /* Sources */,
				5A556F4229C4A545002DAD54 /* Frameworks */,
				5A556F4329C4A545002DAD54 /* Resources */,
			);
			buildRules = (
			);
			dependencies = (
			);
			name = FoodSecretWidgetExtension;
			productName = FoodSecretWidgetExtension;
			productReference = 5A556F4529C4A545002DAD54 /* FoodSecretWidgetExtension.appex */;
			productType = "com.apple.product-type.app-extension";
		};
/* End PBXNativeTarget section */

/* Begin PBXProject section */
		5A38A1AB29C0802600947AEC /* Project object */ = {
			isa = PBXProject;
			attributes = {
				BuildIndependentTargetsInParallel = 1;
				LastSwiftUpdateCheck = 1420;
				LastUpgradeCheck = 1420;
				TargetAttributes = {
					5A38A1B229C0802600947AEC = {
						CreatedOnToolsVersion = 14.2;
					};
					5A556F4429C4A545002DAD54 = {
						CreatedOnToolsVersion = 14.2;
					};
				};
			};
			buildConfigurationList = 5A38A1AE29C0802600947AEC /* Build configuration list for PBXProject "FoodSecret" */;
			compatibilityVersion = "Xcode 14.0";
			developmentRegion = en;
			hasScannedForEncodings = 0;
			knownRegions = (
				en,
				Base,
			);
			mainGroup = 5A38A1AA29C0802600947AEC;
			packageReferences = (
				5A52A6D029C280EE002A68E5 /* XCRemoteSwiftPackageReference "NukeUI" */,
				5AF6B85029D0DB840053ECEA /* XCRemoteSwiftPackageReference "Alamofire" */,
			);
			productRefGroup = 5A38A1B429C0802600947AEC /* Products */;
			projectDirPath = "";
			projectRoot = "";
			targets = (
				5A38A1B229C0802600947AEC /* FoodSecret */,
				5A556F4429C4A545002DAD54 /* FoodSecretWidgetExtension */,
			);
		};
/* End PBXProject section */

/* Begin PBXResourcesBuildPhase section */
		5A38A1B129C0802600947AEC /* Resources */ = {
			isa = PBXResourcesBuildPhase;
			buildActionMask = 2147483647;
			files = (
				5A38A1BE29C0802800947AEC /* Preview Assets.xcassets in Resources */,
				5A38A1BB29C0802800947AEC /* Assets.xcassets in Resources */,
			);
			runOnlyForDeploymentPostprocessing = 0;
		};
		5A556F4329C4A545002DAD54 /* Resources */ = {
			isa = PBXResourcesBuildPhase;
			buildActionMask = 2147483647;
			files = (
				5A556F4F29C4A546002DAD54 /* Assets.xcassets in Resources */,
			);
			runOnlyForDeploymentPostprocessing = 0;
		};
/* End PBXResourcesBuildPhase section */

/* Begin PBXSourcesBuildPhase section */
		5A38A1AF29C0802600947AEC /* Sources */ = {
			isa = PBXSourcesBuildPhase;
			buildActionMask = 2147483647;
			files = (
				5A36306429C52254008E7E05 /* CustomDatePicker.swift in Sources */,
				5AB741D329C206C100821457 /* MealsDetailsView.swift in Sources */,
				5A556F0029C46BD4002DAD54 /* NumberTextField.swift in Sources */,
				5A52BED129C7BB7D007129D1 /* WaterSettingsView.swift in Sources */,
				5A52A6DF29C323CC002A68E5 /* DetailsProductViewModel.swift in Sources */,
				5A38A1B929C0802600947AEC /* ContentView.swift in Sources */,
				5AB741C529C1DAE100821457 /* Double+ext.swift in Sources */,
				5AB83DDA29C84C610069A349 /* HealthKitManager.swift in Sources */,
				5AF6B82329CDC2840053ECEA /* CircleIconButtonView.swift in Sources */,
				5A8B706029C4611900379520 /* UserSettings.swift in Sources */,
				5A38A1B729C0802600947AEC /* FoodSecretApp.swift in Sources */,
				5AB741CC29C1F9EF00821457 /* MealsSectionView.swift in Sources */,
				5AF6B85429D0E42D0053ECEA /* NutritionixRouter.swift in Sources */,
				5AB83DDC29C84D770069A349 /* HealthKitViewModel.swift in Sources */,
				5A556F0429C47BEB002DAD54 /* ButtonStyle.swift in Sources */,
				5AD358DD29D998DF0035E1D3 /* FoodStore.swift in Sources */,
				5A556F3429C4A026002DAD54 /* MealType.swift in Sources */,
				5AB741B929C1B33600821457 /* Persistense.swift in Sources */,
				5A4EA61B29C344CE00CCAF47 /* ProductEditorViewModel.swift in Sources */,
				5AB741D829C210D800821457 /* AllMealsFoodView.swift in Sources */,
				5AF6B7E029CB4B680053ECEA /* EmamSearchRecepiesResult.swift in Sources */,
				5A556F0929C497A5002DAD54 /* RootView+TabView.swift in Sources */,
				5AA36D5929C6025A00BC72D5 /* MealsMenuView.swift in Sources */,
				5A52BEC929C77AE6007129D1 /* ImagePicker.swift in Sources */,
				5AB741B729C1B1FF00821457 /* CoreDataExt.swift in Sources */,
				5A36305629C4FE7E008E7E05 /* WaterSectionView.swift in Sources */,
				5AF6B7E229CC40540053ECEA /* EdamamCuisineType.swift in Sources */,
				5AA36D5B29C66C5500BC72D5 /* UIApllication.swift in Sources */,
				5A36306129C51F03008E7E05 /* Color.swift in Sources */,
				5A556F0729C484FD002DAD54 /* RootView.swift in Sources */,
				5A38A20029C101CC00947AEC /* NutitionixProduct.swift in Sources */,
				5A556F0229C46D09002DAD54 /* ProfilePersonalInformationView.swift in Sources */,
				5AF6B7E429CC41210053ECEA /* EdamamDishType.swift in Sources */,
				5A52A6D729C31440002A68E5 /* SearhFoodViewModel.swift in Sources */,
				5A556F5229C4A546002DAD54 /* FoodSecretWidget.intentdefinition in Sources */,
				5AB741D629C2096B00821457 /* SearchFoodView.swift in Sources */,
				5AF6B7E629CC421C0053ECEA /* EdamamMealType.swift in Sources */,
				5A4EA61F29C3620B00CCAF47 /* RootViewModel.swift in Sources */,
				5A38A1F329C0F0F400947AEC /* NutrientInfo.swift in Sources */,
				5AF6B7EA29CC464E0053ECEA /* EdamamHealthType.swift in Sources */,
				5AB741DA29C2149B00821457 /* PreviewProvider.swift in Sources */,
				5AB741CA29C1F75E00821457 /* HomeView.swift in Sources */,
				5AF6B85829D0E9F30053ECEA /* Alamofire+Ext.swift in Sources */,
				5AB741BF29C1B3A200821457 /* CoreDataFoodSecret.xcdatamodeld in Sources */,
				5A52A6D529C28BEF002A68E5 /* LineProgressView.swift in Sources */,
				5A38A1CA29C0807000947AEC /* View+extension.swift in Sources */,
				5A8B706929C4656E00379520 /* ProfileViewModel.swift in Sources */,
				5AF6B81629CDA3C20053ECEA /* MocksEdamam.swift in Sources */,
				5AF6B7FD29CC88E80053ECEA /* RecepiesListViewModel.swift in Sources */,
				5A36306729C5276A008E7E05 /* DatePickerSheetView.swift in Sources */,
				5AF6B7FB29CC83FE0053ECEA /* RecepiesListView.swift in Sources */,
				5AF6B7F729CC56760053ECEA /* ReceptCategoriesView.swift in Sources */,
				5AD358DF29D9ADE20035E1D3 /* .env.swift in Sources */,
				5AF6B81D29CDB2DF0053ECEA /* GeaometryReader.swift in Sources */,
				5AF6B7F929CC66660053ECEA /* RecepiesViewModel.swift in Sources */,
				5A4EA61929C344C300CCAF47 /* ProductEditorView.swift in Sources */,
				5A8B706429C4621200379520 /* UserHalfInfo.swift in Sources */,
				5AF6B7EC29CC499B0053ECEA /* EdamamSearchQuery.swift in Sources */,
				5A4EA61D29C3473500CCAF47 /* Notificationcenter+Ext.swift in Sources */,
				5A38A1F129C0EFF800947AEC /* ProductSearchResult.swift in Sources */,
				5AB741DF29C22DFC00821457 /* MealFoodRowView.swift in Sources */,
				5A38A1FA29C0F7AE00947AEC /* NutritionixService.swift in Sources */,
				5AF6B7EE29CC4D670053ECEA /* EdamamCaloriesType.swift in Sources */,
				5AA36D5729C5F5D100BC72D5 /* HapticManager.swift in Sources */,
				5AB83DDF29C84F560069A349 /* StepsSectionView.swift in Sources */,
				5AF6B81B29CDB21E0053ECEA /* ReceptDetailsView.swift in Sources */,
				5AB741C729C1DC0B00821457 /* WaterEntity+Extensions.swift in Sources */,
				5AF6B7F029CC53180053ECEA /* EdamamQueryTypeProtocol.swift in Sources */,
				5AF6B7DE29CB44D80053ECEA /* EdamamAPIService.swift in Sources */,
				5ABAEEBB29C4BC27005EBA3A /* AppGroup.swift in Sources */,
				5A52A6CC29C27F34002A68E5 /* NukeLazyImage.swift in Sources */,
				5AB741CF29C1FD5600821457 /* CircleProgressView.swift in Sources */,
				5A8B706729C4653200379520 /* ProfileView.swift in Sources */,
				5A52BECE29C7960E007129D1 /* RootView+OverlayMenu.swift in Sources */,
				5AF6B7F529CC563B0053ECEA /* MainRecepiesView.swift in Sources */,
				5A4EA62429C3808F00CCAF47 /* HomeSymmaryView.swift in Sources */,
				5A8B706229C461EF00379520 /* UserDefaults.swift in Sources */,
				5AF6B82129CDBA3E0053ECEA /* TagLayoutView.swift in Sources */,
				5AF6B81929CDAE0A0053ECEA /* ImageSlider.swift in Sources */,
				5A52A6DD29C3222D002A68E5 /* DetailsProductView.swift in Sources */,
				5AF6B7E829CC42E70053ECEA /* EdamamDietType.swift in Sources */,
				5AF6B85A29D0F0D90053ECEA /* EdamamRoute.swift in Sources */,
				5AF6B7FF29CC8E100053ECEA /* ReceptRowView.swift in Sources */,
				5AB741DD29C21B9E00821457 /* Helper.swift in Sources */,
				5A38A1CC29C080F500947AEC /* Date+Ext.swift in Sources */,
				5A4EA62129C3705D00CCAF47 /* CoreDataManager.swift in Sources */,
				5A36305829C4FF9F008E7E05 /* GlassView.swift in Sources */,
				5AB741C329C1BD0200821457 /* FoodEntity+Extension.swift in Sources */,
				5A52BECB29C77DD1007129D1 /* FileManager.swift in Sources */,
			);
			runOnlyForDeploymentPostprocessing = 0;
		};
		5A556F4129C4A545002DAD54 /* Sources */ = {
			isa = PBXSourcesBuildPhase;
			buildActionMask = 2147483647;
			files = (
				5AA36D5C29C67A8F00BC72D5 /* LineProgressView.swift in Sources */,
				5A556F6629C4A67D002DAD54 /* Date+Ext.swift in Sources */,
				5A556F6529C4A670002DAD54 /* CoreDataFoodSecret.xcdatamodeld in Sources */,
				5A556F6D29C4A6E9002DAD54 /* NutrientInfo.swift in Sources */,
				5ABAEEBE29C4BED3005EBA3A /* AppGroup.swift in Sources */,
				5A556F6929C4A6CF002DAD54 /* FoodEntity+Extension.swift in Sources */,
				5ABAEEC029C4BF8B005EBA3A /* UserDefaults.swift in Sources */,
				5A556F4A29C4A545002DAD54 /* FoodSecretWidgetBundle.swift in Sources */,
				5A556F6B29C4A6D8002DAD54 /* CoreDataExt.swift in Sources */,
				5A556F5C29C4A565002DAD54 /* FoodSecretWidgetEntryView.swift in Sources */,
				5A52BECC29C77F93007129D1 /* FileManager.swift in Sources */,
				5A556F6A29C4A6D2002DAD54 /* WaterEntity+Extensions.swift in Sources */,
				5A556F6329C4A57B002DAD54 /* WidgetEntry.swift in Sources */,
				5A556F6F29C4AF57002DAD54 /* UserHalfInfo.swift in Sources */,
				5A556F5D29C4A566002DAD54 /* FoodSecretWidget.swift in Sources */,
				5ABAEEC129C4C0DA005EBA3A /* CircleProgressView.swift in Sources */,
				5AA36D5D29C67E6500BC72D5 /* GlassView.swift in Sources */,
				5A556F6829C4A682002DAD54 /* PreviewProvider.swift in Sources */,
				5ABAEEBF29C4BF1D005EBA3A /* UserSettings.swift in Sources */,
				5A556F6729C4A67F002DAD54 /* Double+ext.swift in Sources */,
				5A556F6029C4A56F002DAD54 /* Provider.swift in Sources */,
				5A556F6429C4A659002DAD54 /* CoreDataManager.swift in Sources */,
				5A556F5129C4A546002DAD54 /* FoodSecretWidget.intentdefinition in Sources */,
				5A556F6E29C4A6F7002DAD54 /* MealType.swift in Sources */,
				5A556F6C29C4A6DA002DAD54 /* Persistense.swift in Sources */,
			);
			runOnlyForDeploymentPostprocessing = 0;
		};
/* End PBXSourcesBuildPhase section */

/* Begin PBXTargetDependency section */
		5A556F5429C4A546002DAD54 /* PBXTargetDependency */ = {
			isa = PBXTargetDependency;
			target = 5A556F4429C4A545002DAD54 /* FoodSecretWidgetExtension */;
			targetProxy = 5A556F5329C4A546002DAD54 /* PBXContainerItemProxy */;
		};
/* End PBXTargetDependency section */

/* Begin XCBuildConfiguration section */
		5A38A1BF29C0802800947AEC /* Debug */ = {
			isa = XCBuildConfiguration;
			buildSettings = {
				ALWAYS_SEARCH_USER_PATHS = NO;
				CLANG_ANALYZER_NONNULL = YES;
				CLANG_ANALYZER_NUMBER_OBJECT_CONVERSION = YES_AGGRESSIVE;
				CLANG_CXX_LANGUAGE_STANDARD = "gnu++20";
				CLANG_ENABLE_MODULES = YES;
				CLANG_ENABLE_OBJC_ARC = YES;
				CLANG_ENABLE_OBJC_WEAK = YES;
				CLANG_WARN_BLOCK_CAPTURE_AUTORELEASING = YES;
				CLANG_WARN_BOOL_CONVERSION = YES;
				CLANG_WARN_COMMA = YES;
				CLANG_WARN_CONSTANT_CONVERSION = YES;
				CLANG_WARN_DEPRECATED_OBJC_IMPLEMENTATIONS = YES;
				CLANG_WARN_DIRECT_OBJC_ISA_USAGE = YES_ERROR;
				CLANG_WARN_DOCUMENTATION_COMMENTS = YES;
				CLANG_WARN_EMPTY_BODY = YES;
				CLANG_WARN_ENUM_CONVERSION = YES;
				CLANG_WARN_INFINITE_RECURSION = YES;
				CLANG_WARN_INT_CONVERSION = YES;
				CLANG_WARN_NON_LITERAL_NULL_CONVERSION = YES;
				CLANG_WARN_OBJC_IMPLICIT_RETAIN_SELF = YES;
				CLANG_WARN_OBJC_LITERAL_CONVERSION = YES;
				CLANG_WARN_OBJC_ROOT_CLASS = YES_ERROR;
				CLANG_WARN_QUOTED_INCLUDE_IN_FRAMEWORK_HEADER = YES;
				CLANG_WARN_RANGE_LOOP_ANALYSIS = YES;
				CLANG_WARN_STRICT_PROTOTYPES = YES;
				CLANG_WARN_SUSPICIOUS_MOVE = YES;
				CLANG_WARN_UNGUARDED_AVAILABILITY = YES_AGGRESSIVE;
				CLANG_WARN_UNREACHABLE_CODE = YES;
				CLANG_WARN__DUPLICATE_METHOD_MATCH = YES;
				COPY_PHASE_STRIP = NO;
				DEBUG_INFORMATION_FORMAT = dwarf;
				ENABLE_STRICT_OBJC_MSGSEND = YES;
				ENABLE_TESTABILITY = YES;
				GCC_C_LANGUAGE_STANDARD = gnu11;
				GCC_DYNAMIC_NO_PIC = NO;
				GCC_NO_COMMON_BLOCKS = YES;
				GCC_OPTIMIZATION_LEVEL = 0;
				GCC_PREPROCESSOR_DEFINITIONS = (
					"DEBUG=1",
					"$(inherited)",
				);
				GCC_WARN_64_TO_32_BIT_CONVERSION = YES;
				GCC_WARN_ABOUT_RETURN_TYPE = YES_ERROR;
				GCC_WARN_UNDECLARED_SELECTOR = YES;
				GCC_WARN_UNINITIALIZED_AUTOS = YES_AGGRESSIVE;
				GCC_WARN_UNUSED_FUNCTION = YES;
				GCC_WARN_UNUSED_VARIABLE = YES;
				IPHONEOS_DEPLOYMENT_TARGET = 16.0;
				MTL_ENABLE_DEBUG_INFO = INCLUDE_SOURCE;
				MTL_FAST_MATH = YES;
				ONLY_ACTIVE_ARCH = YES;
				SDKROOT = iphoneos;
				SWIFT_ACTIVE_COMPILATION_CONDITIONS = DEBUG;
				SWIFT_OPTIMIZATION_LEVEL = "-Onone";
			};
			name = Debug;
		};
		5A38A1C029C0802800947AEC /* Release */ = {
			isa = XCBuildConfiguration;
			buildSettings = {
				ALWAYS_SEARCH_USER_PATHS = NO;
				CLANG_ANALYZER_NONNULL = YES;
				CLANG_ANALYZER_NUMBER_OBJECT_CONVERSION = YES_AGGRESSIVE;
				CLANG_CXX_LANGUAGE_STANDARD = "gnu++20";
				CLANG_ENABLE_MODULES = YES;
				CLANG_ENABLE_OBJC_ARC = YES;
				CLANG_ENABLE_OBJC_WEAK = YES;
				CLANG_WARN_BLOCK_CAPTURE_AUTORELEASING = YES;
				CLANG_WARN_BOOL_CONVERSION = YES;
				CLANG_WARN_COMMA = YES;
				CLANG_WARN_CONSTANT_CONVERSION = YES;
				CLANG_WARN_DEPRECATED_OBJC_IMPLEMENTATIONS = YES;
				CLANG_WARN_DIRECT_OBJC_ISA_USAGE = YES_ERROR;
				CLANG_WARN_DOCUMENTATION_COMMENTS = YES;
				CLANG_WARN_EMPTY_BODY = YES;
				CLANG_WARN_ENUM_CONVERSION = YES;
				CLANG_WARN_INFINITE_RECURSION = YES;
				CLANG_WARN_INT_CONVERSION = YES;
				CLANG_WARN_NON_LITERAL_NULL_CONVERSION = YES;
				CLANG_WARN_OBJC_IMPLICIT_RETAIN_SELF = YES;
				CLANG_WARN_OBJC_LITERAL_CONVERSION = YES;
				CLANG_WARN_OBJC_ROOT_CLASS = YES_ERROR;
				CLANG_WARN_QUOTED_INCLUDE_IN_FRAMEWORK_HEADER = YES;
				CLANG_WARN_RANGE_LOOP_ANALYSIS = YES;
				CLANG_WARN_STRICT_PROTOTYPES = YES;
				CLANG_WARN_SUSPICIOUS_MOVE = YES;
				CLANG_WARN_UNGUARDED_AVAILABILITY = YES_AGGRESSIVE;
				CLANG_WARN_UNREACHABLE_CODE = YES;
				CLANG_WARN__DUPLICATE_METHOD_MATCH = YES;
				COPY_PHASE_STRIP = NO;
				DEBUG_INFORMATION_FORMAT = "dwarf-with-dsym";
				ENABLE_NS_ASSERTIONS = NO;
				ENABLE_STRICT_OBJC_MSGSEND = YES;
				GCC_C_LANGUAGE_STANDARD = gnu11;
				GCC_NO_COMMON_BLOCKS = YES;
				GCC_WARN_64_TO_32_BIT_CONVERSION = YES;
				GCC_WARN_ABOUT_RETURN_TYPE = YES_ERROR;
				GCC_WARN_UNDECLARED_SELECTOR = YES;
				GCC_WARN_UNINITIALIZED_AUTOS = YES_AGGRESSIVE;
				GCC_WARN_UNUSED_FUNCTION = YES;
				GCC_WARN_UNUSED_VARIABLE = YES;
				IPHONEOS_DEPLOYMENT_TARGET = 16.0;
				MTL_ENABLE_DEBUG_INFO = NO;
				MTL_FAST_MATH = YES;
				SDKROOT = iphoneos;
				SWIFT_COMPILATION_MODE = wholemodule;
				SWIFT_OPTIMIZATION_LEVEL = "-O";
				VALIDATE_PRODUCT = YES;
			};
			name = Release;
		};
		5A38A1C229C0802800947AEC /* Debug */ = {
			isa = XCBuildConfiguration;
			buildSettings = {
				ALWAYS_EMBED_SWIFT_STANDARD_LIBRARIES = YES;
				ASSETCATALOG_COMPILER_APPICON_NAME = AppIcon;
				ASSETCATALOG_COMPILER_GLOBAL_ACCENT_COLOR_NAME = AccentColor;
				CODE_SIGN_ENTITLEMENTS = FoodSecret/FoodSecret.entitlements;
				CODE_SIGN_STYLE = Automatic;
				CURRENT_PROJECT_VERSION = 1;
				DEVELOPMENT_ASSET_PATHS = "\"FoodSecret/Preview Content\"";
				DEVELOPMENT_TEAM = 92PU6D6MCQ;
				ENABLE_PREVIEWS = YES;
				GENERATE_INFOPLIST_FILE = YES;
				INFOPLIST_FILE = FoodSecret/Info.plist;
				INFOPLIST_KEY_UIApplicationSceneManifest_Generation = YES;
				INFOPLIST_KEY_UIApplicationSupportsIndirectInputEvents = YES;
				INFOPLIST_KEY_UILaunchScreen_Generation = YES;
				INFOPLIST_KEY_UISupportedInterfaceOrientations = UIInterfaceOrientationPortrait;
				INFOPLIST_KEY_UISupportedInterfaceOrientations_iPad = "UIInterfaceOrientationLandscapeLeft UIInterfaceOrientationLandscapeRight UIInterfaceOrientationPortrait UIInterfaceOrientationPortraitUpsideDown";
				IPHONEOS_DEPLOYMENT_TARGET = 16.0;
				LD_RUNPATH_SEARCH_PATHS = (
					"$(inherited)",
					"@executable_path/Frameworks",
				);
				MARKETING_VERSION = 1.0;
				PRODUCT_BUNDLE_IDENTIFIER = com.bogdanZyk.FoodSecret;
				PRODUCT_NAME = "$(TARGET_NAME)";
				SUPPORTED_PLATFORMS = "iphoneos iphonesimulator";
				SUPPORTS_MACCATALYST = NO;
				SUPPORTS_MAC_DESIGNED_FOR_IPHONE_IPAD = NO;
				SWIFT_EMIT_LOC_STRINGS = YES;
				SWIFT_VERSION = 5.0;
				TARGETED_DEVICE_FAMILY = 1;
			};
			name = Debug;
		};
		5A38A1C329C0802800947AEC /* Release */ = {
			isa = XCBuildConfiguration;
			buildSettings = {
				ALWAYS_EMBED_SWIFT_STANDARD_LIBRARIES = YES;
				ASSETCATALOG_COMPILER_APPICON_NAME = AppIcon;
				ASSETCATALOG_COMPILER_GLOBAL_ACCENT_COLOR_NAME = AccentColor;
				CODE_SIGN_ENTITLEMENTS = FoodSecret/FoodSecret.entitlements;
				CODE_SIGN_STYLE = Automatic;
				CURRENT_PROJECT_VERSION = 1;
				DEVELOPMENT_ASSET_PATHS = "\"FoodSecret/Preview Content\"";
				DEVELOPMENT_TEAM = 92PU6D6MCQ;
				ENABLE_PREVIEWS = YES;
				GENERATE_INFOPLIST_FILE = YES;
				INFOPLIST_FILE = FoodSecret/Info.plist;
				INFOPLIST_KEY_UIApplicationSceneManifest_Generation = YES;
				INFOPLIST_KEY_UIApplicationSupportsIndirectInputEvents = YES;
				INFOPLIST_KEY_UILaunchScreen_Generation = YES;
				INFOPLIST_KEY_UISupportedInterfaceOrientations = UIInterfaceOrientationPortrait;
				INFOPLIST_KEY_UISupportedInterfaceOrientations_iPad = "UIInterfaceOrientationLandscapeLeft UIInterfaceOrientationLandscapeRight UIInterfaceOrientationPortrait UIInterfaceOrientationPortraitUpsideDown";
				IPHONEOS_DEPLOYMENT_TARGET = 16.0;
				LD_RUNPATH_SEARCH_PATHS = (
					"$(inherited)",
					"@executable_path/Frameworks",
				);
				MARKETING_VERSION = 1.0;
				PRODUCT_BUNDLE_IDENTIFIER = com.bogdanZyk.FoodSecret;
				PRODUCT_NAME = "$(TARGET_NAME)";
				SUPPORTED_PLATFORMS = "iphoneos iphonesimulator";
				SUPPORTS_MACCATALYST = NO;
				SUPPORTS_MAC_DESIGNED_FOR_IPHONE_IPAD = NO;
				SWIFT_EMIT_LOC_STRINGS = YES;
				SWIFT_VERSION = 5.0;
				TARGETED_DEVICE_FAMILY = 1;
			};
			name = Release;
		};
		5A556F5729C4A546002DAD54 /* Debug */ = {
			isa = XCBuildConfiguration;
			buildSettings = {
				ASSETCATALOG_COMPILER_GLOBAL_ACCENT_COLOR_NAME = AccentColor;
				ASSETCATALOG_COMPILER_WIDGET_BACKGROUND_COLOR_NAME = WidgetBackground;
				CODE_SIGN_ENTITLEMENTS = FoodSecretWidgetExtension.entitlements;
				CODE_SIGN_STYLE = Automatic;
				CURRENT_PROJECT_VERSION = 1;
				DEVELOPMENT_TEAM = 92PU6D6MCQ;
				GENERATE_INFOPLIST_FILE = YES;
				INFOPLIST_FILE = FoodSecretWidget/Info.plist;
				INFOPLIST_KEY_CFBundleDisplayName = FoodSecretWidget;
				INFOPLIST_KEY_NSHumanReadableCopyright = "";
				IPHONEOS_DEPLOYMENT_TARGET = 16.2;
				LD_RUNPATH_SEARCH_PATHS = (
					"$(inherited)",
					"@executable_path/Frameworks",
					"@executable_path/../../Frameworks",
				);
				MARKETING_VERSION = 1.0;
				PRODUCT_BUNDLE_IDENTIFIER = com.bogdanZyk.FoodSecret.FoodSecretWidget;
				PRODUCT_NAME = "$(TARGET_NAME)";
				SKIP_INSTALL = YES;
				SWIFT_EMIT_LOC_STRINGS = YES;
				SWIFT_VERSION = 5.0;
				TARGETED_DEVICE_FAMILY = "1,2";
			};
			name = Debug;
		};
		5A556F5829C4A546002DAD54 /* Release */ = {
			isa = XCBuildConfiguration;
			buildSettings = {
				ASSETCATALOG_COMPILER_GLOBAL_ACCENT_COLOR_NAME = AccentColor;
				ASSETCATALOG_COMPILER_WIDGET_BACKGROUND_COLOR_NAME = WidgetBackground;
				CODE_SIGN_ENTITLEMENTS = FoodSecretWidgetExtension.entitlements;
				CODE_SIGN_STYLE = Automatic;
				CURRENT_PROJECT_VERSION = 1;
				DEVELOPMENT_TEAM = 92PU6D6MCQ;
				GENERATE_INFOPLIST_FILE = YES;
				INFOPLIST_FILE = FoodSecretWidget/Info.plist;
				INFOPLIST_KEY_CFBundleDisplayName = FoodSecretWidget;
				INFOPLIST_KEY_NSHumanReadableCopyright = "";
				IPHONEOS_DEPLOYMENT_TARGET = 16.2;
				LD_RUNPATH_SEARCH_PATHS = (
					"$(inherited)",
					"@executable_path/Frameworks",
					"@executable_path/../../Frameworks",
				);
				MARKETING_VERSION = 1.0;
				PRODUCT_BUNDLE_IDENTIFIER = com.bogdanZyk.FoodSecret.FoodSecretWidget;
				PRODUCT_NAME = "$(TARGET_NAME)";
				SKIP_INSTALL = YES;
				SWIFT_EMIT_LOC_STRINGS = YES;
				SWIFT_VERSION = 5.0;
				TARGETED_DEVICE_FAMILY = "1,2";
			};
			name = Release;
		};
/* End XCBuildConfiguration section */

/* Begin XCConfigurationList section */
		5A38A1AE29C0802600947AEC /* Build configuration list for PBXProject "FoodSecret" */ = {
			isa = XCConfigurationList;
			buildConfigurations = (
				5A38A1BF29C0802800947AEC /* Debug */,
				5A38A1C029C0802800947AEC /* Release */,
			);
			defaultConfigurationIsVisible = 0;
			defaultConfigurationName = Release;
		};
		5A38A1C129C0802800947AEC /* Build configuration list for PBXNativeTarget "FoodSecret" */ = {
			isa = XCConfigurationList;
			buildConfigurations = (
				5A38A1C229C0802800947AEC /* Debug */,
				5A38A1C329C0802800947AEC /* Release */,
			);
			defaultConfigurationIsVisible = 0;
			defaultConfigurationName = Release;
		};
		5A556F5629C4A546002DAD54 /* Build configuration list for PBXNativeTarget "FoodSecretWidgetExtension" */ = {
			isa = XCConfigurationList;
			buildConfigurations = (
				5A556F5729C4A546002DAD54 /* Debug */,
				5A556F5829C4A546002DAD54 /* Release */,
			);
			defaultConfigurationIsVisible = 0;
			defaultConfigurationName = Release;
		};
/* End XCConfigurationList section */

/* Begin XCRemoteSwiftPackageReference section */
		5A52A6D029C280EE002A68E5 /* XCRemoteSwiftPackageReference "NukeUI" */ = {
			isa = XCRemoteSwiftPackageReference;
			repositoryURL = "https://github.com/kean/NukeUI";
			requirement = {
				kind = upToNextMajorVersion;
				minimumVersion = 0.8.3;
			};
		};
		5AF6B85029D0DB840053ECEA /* XCRemoteSwiftPackageReference "Alamofire" */ = {
			isa = XCRemoteSwiftPackageReference;
			repositoryURL = "https://github.com/Alamofire/Alamofire";
			requirement = {
				kind = upToNextMajorVersion;
				minimumVersion = 5.0.0;
			};
		};
/* End XCRemoteSwiftPackageReference section */

/* Begin XCSwiftPackageProductDependency section */
		5A52A6D129C280EE002A68E5 /* NukeUI */ = {
			isa = XCSwiftPackageProductDependency;
			package = 5A52A6D029C280EE002A68E5 /* XCRemoteSwiftPackageReference "NukeUI" */;
			productName = NukeUI;
		};
		5AF6B85129D0DB840053ECEA /* Alamofire */ = {
			isa = XCSwiftPackageProductDependency;
			package = 5AF6B85029D0DB840053ECEA /* XCRemoteSwiftPackageReference "Alamofire" */;
			productName = Alamofire;
		};
/* End XCSwiftPackageProductDependency section */

/* Begin XCVersionGroup section */
		5AB741BD29C1B3A200821457 /* CoreDataFoodSecret.xcdatamodeld */ = {
			isa = XCVersionGroup;
			children = (
				5AB741BE29C1B3A200821457 /* CoreDataFoodSecret.xcdatamodel */,
			);
			currentVersion = 5AB741BE29C1B3A200821457 /* CoreDataFoodSecret.xcdatamodel */;
			path = CoreDataFoodSecret.xcdatamodeld;
			sourceTree = "<group>";
			versionGroupType = wrapper.xcdatamodel;
		};
/* End XCVersionGroup section */
	};
	rootObject = 5A38A1AB29C0802600947AEC /* Project object */;
}
