// !$*UTF8*$!
{
	archiveVersion = 1;
	classes = {
	};
	objectVersion = 56;
	objects = {

/* Begin PBXBuildFile section */
		5A38A1B729C0802600947AEC /* FoodSecretApp.swift in Sources */ = {isa = PBXBuildFile; fileRef = 5A38A1B629C0802600947AEC /* FoodSecretApp.swift */; };
		5A38A1B929C0802600947AEC /* ContentView.swift in Sources */ = {isa = PBXBuildFile; fileRef = 5A38A1B829C0802600947AEC /* ContentView.swift */; };
		5A38A1BB29C0802800947AEC /* Assets.xcassets in Resources */ = {isa = PBXBuildFile; fileRef = 5A38A1BA29C0802800947AEC /* Assets.xcassets */; };
		5A38A1BE29C0802800947AEC /* Preview Assets.xcassets in Resources */ = {isa = PBXBuildFile; fileRef = 5A38A1BD29C0802800947AEC /* Preview Assets.xcassets */; };
		5A38A1CA29C0807000947AEC /* View+extension.swift in Sources */ = {isa = PBXBuildFile; fileRef = 5A38A1C929C0807000947AEC /* View+extension.swift */; };
		5A38A1CC29C080F500947AEC /* Date+Ext.swift in Sources */ = {isa = PBXBuildFile; fileRef = 5A38A1CB29C080F500947AEC /* Date+Ext.swift */; };
		5A38A1F129C0EFF800947AEC /* ProductSearchResult.swift in Sources */ = {isa = PBXBuildFile; fileRef = 5A38A1F029C0EFF800947AEC /* ProductSearchResult.swift */; };
		5A38A1F329C0F0F400947AEC /* NutrientInfo.swift in Sources */ = {isa = PBXBuildFile; fileRef = 5A38A1F229C0F0F400947AEC /* NutrientInfo.swift */; };
		5A38A1F629C0F45F00947AEC /* NutritionixEndpoint.swift in Sources */ = {isa = PBXBuildFile; fileRef = 5A38A1F529C0F45F00947AEC /* NutritionixEndpoint.swift */; };
		5A38A1F829C0F66200947AEC /* NetworkManager.swift in Sources */ = {isa = PBXBuildFile; fileRef = 5A38A1F729C0F66200947AEC /* NetworkManager.swift */; };
		5A38A1FA29C0F7AE00947AEC /* NutritionixService.swift in Sources */ = {isa = PBXBuildFile; fileRef = 5A38A1F929C0F7AE00947AEC /* NutritionixService.swift */; };
		5A38A1FE29C0FB9C00947AEC /* HomeViewModel.swift in Sources */ = {isa = PBXBuildFile; fileRef = 5A38A1FD29C0FB9C00947AEC /* HomeViewModel.swift */; };
		5A38A20029C101CC00947AEC /* NutitionixProduct.swift in Sources */ = {isa = PBXBuildFile; fileRef = 5A38A1FF29C101CC00947AEC /* NutitionixProduct.swift */; };
		5A52A6CC29C27F34002A68E5 /* NukeLazyImage.swift in Sources */ = {isa = PBXBuildFile; fileRef = 5A52A6CB29C27F34002A68E5 /* NukeLazyImage.swift */; };
		5A52A6D229C280EE002A68E5 /* NukeUI in Frameworks */ = {isa = PBXBuildFile; productRef = 5A52A6D129C280EE002A68E5 /* NukeUI */; };
		5A52A6D529C28BEF002A68E5 /* LineProgressView.swift in Sources */ = {isa = PBXBuildFile; fileRef = 5A52A6D429C28BEF002A68E5 /* LineProgressView.swift */; };
		5A52A6D729C31440002A68E5 /* SearhFoodViewModel.swift in Sources */ = {isa = PBXBuildFile; fileRef = 5A52A6D629C31440002A68E5 /* SearhFoodViewModel.swift */; };
		5A52A6DD29C3222D002A68E5 /* DetailsProductView.swift in Sources */ = {isa = PBXBuildFile; fileRef = 5A52A6DC29C3222D002A68E5 /* DetailsProductView.swift */; };
		5A52A6DF29C323CC002A68E5 /* DetailsProductViewModel.swift in Sources */ = {isa = PBXBuildFile; fileRef = 5A52A6DE29C323CC002A68E5 /* DetailsProductViewModel.swift */; };
		5AB741B729C1B1FF00821457 /* CoreDataExt.swift in Sources */ = {isa = PBXBuildFile; fileRef = 5AB741B629C1B1FF00821457 /* CoreDataExt.swift */; };
		5AB741B929C1B33600821457 /* Persistense.swift in Sources */ = {isa = PBXBuildFile; fileRef = 5AB741B829C1B33600821457 /* Persistense.swift */; };
		5AB741BF29C1B3A200821457 /* CoreDataFoodSecret.xcdatamodeld in Sources */ = {isa = PBXBuildFile; fileRef = 5AB741BD29C1B3A200821457 /* CoreDataFoodSecret.xcdatamodeld */; };
		5AB741C329C1BD0200821457 /* FoodEntity+Extension.swift in Sources */ = {isa = PBXBuildFile; fileRef = 5AB741C229C1BD0200821457 /* FoodEntity+Extension.swift */; };
		5AB741C529C1DAE100821457 /* Double+ext.swift in Sources */ = {isa = PBXBuildFile; fileRef = 5AB741C429C1DAE100821457 /* Double+ext.swift */; };
		5AB741C729C1DC0B00821457 /* WaterEntity+Extensions.swift in Sources */ = {isa = PBXBuildFile; fileRef = 5AB741C629C1DC0B00821457 /* WaterEntity+Extensions.swift */; };
		5AB741CA29C1F75E00821457 /* HomeView.swift in Sources */ = {isa = PBXBuildFile; fileRef = 5AB741C929C1F75E00821457 /* HomeView.swift */; };
		5AB741CC29C1F9EF00821457 /* MealsSectionView.swift in Sources */ = {isa = PBXBuildFile; fileRef = 5AB741CB29C1F9EF00821457 /* MealsSectionView.swift */; };
		5AB741CF29C1FD5600821457 /* CircleProgressView.swift in Sources */ = {isa = PBXBuildFile; fileRef = 5AB741CE29C1FD5600821457 /* CircleProgressView.swift */; };
		5AB741D329C206C100821457 /* MealsDetailsView.swift in Sources */ = {isa = PBXBuildFile; fileRef = 5AB741D229C206C100821457 /* MealsDetailsView.swift */; };
		5AB741D629C2096B00821457 /* SearchFoodView.swift in Sources */ = {isa = PBXBuildFile; fileRef = 5AB741D529C2096B00821457 /* SearchFoodView.swift */; };
		5AB741D829C210D800821457 /* AllMealsFoodView.swift in Sources */ = {isa = PBXBuildFile; fileRef = 5AB741D729C210D800821457 /* AllMealsFoodView.swift */; };
		5AB741DA29C2149B00821457 /* PreviewProvider.swift in Sources */ = {isa = PBXBuildFile; fileRef = 5AB741D929C2149B00821457 /* PreviewProvider.swift */; };
		5AB741DD29C21B9E00821457 /* Helper.swift in Sources */ = {isa = PBXBuildFile; fileRef = 5AB741DC29C21B9E00821457 /* Helper.swift */; };
		5AB741DF29C22DFC00821457 /* MealFoodRowView.swift in Sources */ = {isa = PBXBuildFile; fileRef = 5AB741DE29C22DFC00821457 /* MealFoodRowView.swift */; };
/* End PBXBuildFile section */

/* Begin PBXFileReference section */
		5A38A1B329C0802600947AEC /* FoodSecret.app */ = {isa = PBXFileReference; explicitFileType = wrapper.application; includeInIndex = 0; path = FoodSecret.app; sourceTree = BUILT_PRODUCTS_DIR; };
		5A38A1B629C0802600947AEC /* FoodSecretApp.swift */ = {isa = PBXFileReference; lastKnownFileType = sourcecode.swift; path = FoodSecretApp.swift; sourceTree = "<group>"; };
		5A38A1B829C0802600947AEC /* ContentView.swift */ = {isa = PBXFileReference; lastKnownFileType = sourcecode.swift; path = ContentView.swift; sourceTree = "<group>"; };
		5A38A1BA29C0802800947AEC /* Assets.xcassets */ = {isa = PBXFileReference; lastKnownFileType = folder.assetcatalog; path = Assets.xcassets; sourceTree = "<group>"; };
		5A38A1BD29C0802800947AEC /* Preview Assets.xcassets */ = {isa = PBXFileReference; lastKnownFileType = folder.assetcatalog; path = "Preview Assets.xcassets"; sourceTree = "<group>"; };
		5A38A1C929C0807000947AEC /* View+extension.swift */ = {isa = PBXFileReference; lastKnownFileType = sourcecode.swift; path = "View+extension.swift"; sourceTree = "<group>"; };
		5A38A1CB29C080F500947AEC /* Date+Ext.swift */ = {isa = PBXFileReference; lastKnownFileType = sourcecode.swift; path = "Date+Ext.swift"; sourceTree = "<group>"; };
		5A38A1EE29C0D9A200947AEC /* Info.plist */ = {isa = PBXFileReference; lastKnownFileType = text.plist; path = Info.plist; sourceTree = "<group>"; };
		5A38A1F029C0EFF800947AEC /* ProductSearchResult.swift */ = {isa = PBXFileReference; lastKnownFileType = sourcecode.swift; path = ProductSearchResult.swift; sourceTree = "<group>"; };
		5A38A1F229C0F0F400947AEC /* NutrientInfo.swift */ = {isa = PBXFileReference; lastKnownFileType = sourcecode.swift; path = NutrientInfo.swift; sourceTree = "<group>"; };
		5A38A1F529C0F45F00947AEC /* NutritionixEndpoint.swift */ = {isa = PBXFileReference; lastKnownFileType = sourcecode.swift; path = NutritionixEndpoint.swift; sourceTree = "<group>"; };
		5A38A1F729C0F66200947AEC /* NetworkManager.swift */ = {isa = PBXFileReference; lastKnownFileType = sourcecode.swift; path = NetworkManager.swift; sourceTree = "<group>"; };
		5A38A1F929C0F7AE00947AEC /* NutritionixService.swift */ = {isa = PBXFileReference; lastKnownFileType = sourcecode.swift; path = NutritionixService.swift; sourceTree = "<group>"; };
		5A38A1FD29C0FB9C00947AEC /* HomeViewModel.swift */ = {isa = PBXFileReference; lastKnownFileType = sourcecode.swift; path = HomeViewModel.swift; sourceTree = "<group>"; };
		5A38A1FF29C101CC00947AEC /* NutitionixProduct.swift */ = {isa = PBXFileReference; lastKnownFileType = sourcecode.swift; path = NutitionixProduct.swift; sourceTree = "<group>"; };
		5A52A6CB29C27F34002A68E5 /* NukeLazyImage.swift */ = {isa = PBXFileReference; lastKnownFileType = sourcecode.swift; path = NukeLazyImage.swift; sourceTree = "<group>"; };
		5A52A6D429C28BEF002A68E5 /* LineProgressView.swift */ = {isa = PBXFileReference; lastKnownFileType = sourcecode.swift; path = LineProgressView.swift; sourceTree = "<group>"; };
		5A52A6D629C31440002A68E5 /* SearhFoodViewModel.swift */ = {isa = PBXFileReference; lastKnownFileType = sourcecode.swift; path = SearhFoodViewModel.swift; sourceTree = "<group>"; };
		5A52A6DC29C3222D002A68E5 /* DetailsProductView.swift */ = {isa = PBXFileReference; lastKnownFileType = sourcecode.swift; path = DetailsProductView.swift; sourceTree = "<group>"; };
		5A52A6DE29C323CC002A68E5 /* DetailsProductViewModel.swift */ = {isa = PBXFileReference; lastKnownFileType = sourcecode.swift; path = DetailsProductViewModel.swift; sourceTree = "<group>"; };
		5AB741B629C1B1FF00821457 /* CoreDataExt.swift */ = {isa = PBXFileReference; lastKnownFileType = sourcecode.swift; path = CoreDataExt.swift; sourceTree = "<group>"; };
		5AB741B829C1B33600821457 /* Persistense.swift */ = {isa = PBXFileReference; lastKnownFileType = sourcecode.swift; path = Persistense.swift; sourceTree = "<group>"; };
		5AB741BE29C1B3A200821457 /* CoreDataFoodSecret.xcdatamodel */ = {isa = PBXFileReference; lastKnownFileType = wrapper.xcdatamodel; path = CoreDataFoodSecret.xcdatamodel; sourceTree = "<group>"; };
		5AB741C229C1BD0200821457 /* FoodEntity+Extension.swift */ = {isa = PBXFileReference; lastKnownFileType = sourcecode.swift; path = "FoodEntity+Extension.swift"; sourceTree = "<group>"; };
		5AB741C429C1DAE100821457 /* Double+ext.swift */ = {isa = PBXFileReference; lastKnownFileType = sourcecode.swift; path = "Double+ext.swift"; sourceTree = "<group>"; };
		5AB741C629C1DC0B00821457 /* WaterEntity+Extensions.swift */ = {isa = PBXFileReference; lastKnownFileType = sourcecode.swift; path = "WaterEntity+Extensions.swift"; sourceTree = "<group>"; };
		5AB741C929C1F75E00821457 /* HomeView.swift */ = {isa = PBXFileReference; lastKnownFileType = sourcecode.swift; path = HomeView.swift; sourceTree = "<group>"; };
		5AB741CB29C1F9EF00821457 /* MealsSectionView.swift */ = {isa = PBXFileReference; lastKnownFileType = sourcecode.swift; path = MealsSectionView.swift; sourceTree = "<group>"; };
		5AB741CE29C1FD5600821457 /* CircleProgressView.swift */ = {isa = PBXFileReference; lastKnownFileType = sourcecode.swift; path = CircleProgressView.swift; sourceTree = "<group>"; };
		5AB741D229C206C100821457 /* MealsDetailsView.swift */ = {isa = PBXFileReference; lastKnownFileType = sourcecode.swift; path = MealsDetailsView.swift; sourceTree = "<group>"; };
		5AB741D529C2096B00821457 /* SearchFoodView.swift */ = {isa = PBXFileReference; lastKnownFileType = sourcecode.swift; path = SearchFoodView.swift; sourceTree = "<group>"; };
		5AB741D729C210D800821457 /* AllMealsFoodView.swift */ = {isa = PBXFileReference; lastKnownFileType = sourcecode.swift; path = AllMealsFoodView.swift; sourceTree = "<group>"; };
		5AB741D929C2149B00821457 /* PreviewProvider.swift */ = {isa = PBXFileReference; lastKnownFileType = sourcecode.swift; path = PreviewProvider.swift; sourceTree = "<group>"; };
		5AB741DC29C21B9E00821457 /* Helper.swift */ = {isa = PBXFileReference; lastKnownFileType = sourcecode.swift; path = Helper.swift; sourceTree = "<group>"; };
		5AB741DE29C22DFC00821457 /* MealFoodRowView.swift */ = {isa = PBXFileReference; lastKnownFileType = sourcecode.swift; path = MealFoodRowView.swift; sourceTree = "<group>"; };
/* End PBXFileReference section */

/* Begin PBXFrameworksBuildPhase section */
		5A38A1B029C0802600947AEC /* Frameworks */ = {
			isa = PBXFrameworksBuildPhase;
			buildActionMask = 2147483647;
			files = (
				5A52A6D229C280EE002A68E5 /* NukeUI in Frameworks */,
			);
			runOnlyForDeploymentPostprocessing = 0;
		};
/* End PBXFrameworksBuildPhase section */

/* Begin PBXGroup section */
		5A38A1AA29C0802600947AEC = {
			isa = PBXGroup;
			children = (
				5A38A1B529C0802600947AEC /* FoodSecret */,
				5A38A1B429C0802600947AEC /* Products */,
			);
			sourceTree = "<group>";
		};
		5A38A1B429C0802600947AEC /* Products */ = {
			isa = PBXGroup;
			children = (
				5A38A1B329C0802600947AEC /* FoodSecret.app */,
			);
			name = Products;
			sourceTree = "<group>";
		};
		5A38A1B529C0802600947AEC /* FoodSecret */ = {
			isa = PBXGroup;
			children = (
				5A38A1EE29C0D9A200947AEC /* Info.plist */,
				5A38A1C729C0803B00947AEC /* App */,
				5A38A1C629C0803400947AEC /* Source */,
				5A38A1C529C0803100947AEC /* Utils */,
				5A38A1C429C0802C00947AEC /* Serveces */,
				5A38A1BA29C0802800947AEC /* Assets.xcassets */,
				5A38A1BC29C0802800947AEC /* Preview Content */,
			);
			path = FoodSecret;
			sourceTree = "<group>";
		};
		5A38A1BC29C0802800947AEC /* Preview Content */ = {
			isa = PBXGroup;
			children = (
				5A38A1BD29C0802800947AEC /* Preview Assets.xcassets */,
			);
			path = "Preview Content";
			sourceTree = "<group>";
		};
		5A38A1C429C0802C00947AEC /* Serveces */ = {
			isa = PBXGroup;
			children = (
				5AB741B429C1B1C400821457 /* CodeData */,
				5A38A1F429C0F44B00947AEC /* NutritionixAPI */,
			);
			path = Serveces;
			sourceTree = "<group>";
		};
		5A38A1C529C0803100947AEC /* Utils */ = {
			isa = PBXGroup;
			children = (
				5AB741DB29C21B9500821457 /* Helpers */,
				5A38A1C829C0806300947AEC /* Extension */,
			);
			path = Utils;
			sourceTree = "<group>";
		};
		5A38A1C629C0803400947AEC /* Source */ = {
			isa = PBXGroup;
			children = (
				5A38A1FC29C0FB9200947AEC /* ViewModels */,
				5A38A1FB29C0FB8D00947AEC /* Views */,
				5A38A1EF29C0EFE700947AEC /* Models */,
			);
			path = Source;
			sourceTree = "<group>";
		};
		5A38A1C729C0803B00947AEC /* App */ = {
			isa = PBXGroup;
			children = (
				5A38A1B829C0802600947AEC /* ContentView.swift */,
				5A38A1B629C0802600947AEC /* FoodSecretApp.swift */,
			);
			path = App;
			sourceTree = "<group>";
		};
		5A38A1C829C0806300947AEC /* Extension */ = {
			isa = PBXGroup;
			children = (
				5A38A1C929C0807000947AEC /* View+extension.swift */,
				5A38A1CB29C080F500947AEC /* Date+Ext.swift */,
				5AB741C429C1DAE100821457 /* Double+ext.swift */,
				5AB741D929C2149B00821457 /* PreviewProvider.swift */,
			);
			path = Extension;
			sourceTree = "<group>";
		};
		5A38A1EF29C0EFE700947AEC /* Models */ = {
			isa = PBXGroup;
			children = (
				5AB741C029C1B72800821457 /* Nutritionix */,
			);
			path = Models;
			sourceTree = "<group>";
		};
		5A38A1F429C0F44B00947AEC /* NutritionixAPI */ = {
			isa = PBXGroup;
			children = (
				5A38A1F529C0F45F00947AEC /* NutritionixEndpoint.swift */,
				5A38A1F729C0F66200947AEC /* NetworkManager.swift */,
				5A38A1F929C0F7AE00947AEC /* NutritionixService.swift */,
			);
			path = NutritionixAPI;
			sourceTree = "<group>";
		};
		5A38A1FB29C0FB8D00947AEC /* Views */ = {
			isa = PBXGroup;
			children = (
				5AB741CD29C1FD3F00821457 /* ViewComponents */,
				5AB741C829C1F73F00821457 /* HomeView */,
			);
			path = Views;
			sourceTree = "<group>";
		};
		5A38A1FC29C0FB9200947AEC /* ViewModels */ = {
			isa = PBXGroup;
			children = (
				5A38A1FD29C0FB9C00947AEC /* HomeViewModel.swift */,
				5A52A6D629C31440002A68E5 /* SearhFoodViewModel.swift */,
				5A52A6DE29C323CC002A68E5 /* DetailsProductViewModel.swift */,
			);
			path = ViewModels;
			sourceTree = "<group>";
		};
		5A52A6D329C28BDB002A68E5 /* ProgressBars */ = {
			isa = PBXGroup;
			children = (
				5AB741CE29C1FD5600821457 /* CircleProgressView.swift */,
				5A52A6D429C28BEF002A68E5 /* LineProgressView.swift */,
			);
			path = ProgressBars;
			sourceTree = "<group>";
		};
		5A52A6D829C321C1002A68E5 /* SearchFoodView */ = {
			isa = PBXGroup;
			children = (
				5AB741D529C2096B00821457 /* SearchFoodView.swift */,
				5A52A6DC29C3222D002A68E5 /* DetailsProductView.swift */,
			);
			path = SearchFoodView;
			sourceTree = "<group>";
		};
		5A52A6D929C321D6002A68E5 /* CreateFoodView */ = {
			isa = PBXGroup;
			children = (
			);
			path = CreateFoodView;
			sourceTree = "<group>";
		};
		5A52A6E029C32B27002A68E5 /* Buttons */ = {
			isa = PBXGroup;
			children = (
			);
			path = Buttons;
			sourceTree = "<group>";
		};
		5AB741B429C1B1C400821457 /* CodeData */ = {
			isa = PBXGroup;
			children = (
				5AB741C129C1BCF600821457 /* ModelExtensions */,
				5AB741B529C1B1C900821457 /* Persistence */,
				5AB741BD29C1B3A200821457 /* CoreDataFoodSecret.xcdatamodeld */,
			);
			path = CodeData;
			sourceTree = "<group>";
		};
		5AB741B529C1B1C900821457 /* Persistence */ = {
			isa = PBXGroup;
			children = (
				5AB741B629C1B1FF00821457 /* CoreDataExt.swift */,
				5AB741B829C1B33600821457 /* Persistense.swift */,
			);
			path = Persistence;
			sourceTree = "<group>";
		};
		5AB741C029C1B72800821457 /* Nutritionix */ = {
			isa = PBXGroup;
			children = (
				5A38A1F029C0EFF800947AEC /* ProductSearchResult.swift */,
				5A38A1FF29C101CC00947AEC /* NutitionixProduct.swift */,
				5A38A1F229C0F0F400947AEC /* NutrientInfo.swift */,
			);
			path = Nutritionix;
			sourceTree = "<group>";
		};
		5AB741C129C1BCF600821457 /* ModelExtensions */ = {
			isa = PBXGroup;
			children = (
				5AB741C229C1BD0200821457 /* FoodEntity+Extension.swift */,
				5AB741C629C1DC0B00821457 /* WaterEntity+Extensions.swift */,
			);
			path = ModelExtensions;
			sourceTree = "<group>";
		};
		5AB741C829C1F73F00821457 /* HomeView */ = {
			isa = PBXGroup;
			children = (
				5AB741D029C2068600821457 /* MealsView */,
				5A52A6D929C321D6002A68E5 /* CreateFoodView */,
				5A52A6D829C321C1002A68E5 /* SearchFoodView */,
				5AB741C929C1F75E00821457 /* HomeView.swift */,
			);
			path = HomeView;
			sourceTree = "<group>";
		};
		5AB741CD29C1FD3F00821457 /* ViewComponents */ = {
			isa = PBXGroup;
			children = (
				5A52A6E029C32B27002A68E5 /* Buttons */,
				5A52A6D329C28BDB002A68E5 /* ProgressBars */,
				5AB741DE29C22DFC00821457 /* MealFoodRowView.swift */,
				5A52A6CB29C27F34002A68E5 /* NukeLazyImage.swift */,
			);
			path = ViewComponents;
			sourceTree = "<group>";
		};
		5AB741D029C2068600821457 /* MealsView */ = {
			isa = PBXGroup;
			children = (
				5AB741CB29C1F9EF00821457 /* MealsSectionView.swift */,
				5AB741D229C206C100821457 /* MealsDetailsView.swift */,
				5AB741D729C210D800821457 /* AllMealsFoodView.swift */,
			);
			path = MealsView;
			sourceTree = "<group>";
		};
		5AB741DB29C21B9500821457 /* Helpers */ = {
			isa = PBXGroup;
			children = (
				5AB741DC29C21B9E00821457 /* Helper.swift */,
			);
			path = Helpers;
			sourceTree = "<group>";
		};
/* End PBXGroup section */

/* Begin PBXNativeTarget section */
		5A38A1B229C0802600947AEC /* FoodSecret */ = {
			isa = PBXNativeTarget;
			buildConfigurationList = 5A38A1C129C0802800947AEC /* Build configuration list for PBXNativeTarget "FoodSecret" */;
			buildPhases = (
				5A38A1AF29C0802600947AEC /* Sources */,
				5A38A1B029C0802600947AEC /* Frameworks */,
				5A38A1B129C0802600947AEC /* Resources */,
			);
			buildRules = (
			);
			dependencies = (
			);
			name = FoodSecret;
			packageProductDependencies = (
				5A52A6D129C280EE002A68E5 /* NukeUI */,
			);
			productName = FoodSecret;
			productReference = 5A38A1B329C0802600947AEC /* FoodSecret.app */;
			productType = "com.apple.product-type.application";
		};
/* End PBXNativeTarget section */

/* Begin PBXProject section */
		5A38A1AB29C0802600947AEC /* Project object */ = {
			isa = PBXProject;
			attributes = {
				BuildIndependentTargetsInParallel = 1;
				LastSwiftUpdateCheck = 1420;
				LastUpgradeCheck = 1420;
				TargetAttributes = {
					5A38A1B229C0802600947AEC = {
						CreatedOnToolsVersion = 14.2;
					};
				};
			};
			buildConfigurationList = 5A38A1AE29C0802600947AEC /* Build configuration list for PBXProject "FoodSecret" */;
			compatibilityVersion = "Xcode 14.0";
			developmentRegion = en;
			hasScannedForEncodings = 0;
			knownRegions = (
				en,
				Base,
			);
			mainGroup = 5A38A1AA29C0802600947AEC;
			packageReferences = (
				5A52A6D029C280EE002A68E5 /* XCRemoteSwiftPackageReference "NukeUI" */,
			);
			productRefGroup = 5A38A1B429C0802600947AEC /* Products */;
			projectDirPath = "";
			projectRoot = "";
			targets = (
				5A38A1B229C0802600947AEC /* FoodSecret */,
			);
		};
/* End PBXProject section */

/* Begin PBXResourcesBuildPhase section */
		5A38A1B129C0802600947AEC /* Resources */ = {
			isa = PBXResourcesBuildPhase;
			buildActionMask = 2147483647;
			files = (
				5A38A1BE29C0802800947AEC /* Preview Assets.xcassets in Resources */,
				5A38A1BB29C0802800947AEC /* Assets.xcassets in Resources */,
			);
			runOnlyForDeploymentPostprocessing = 0;
		};
/* End PBXResourcesBuildPhase section */

/* Begin PBXSourcesBuildPhase section */
		5A38A1AF29C0802600947AEC /* Sources */ = {
			isa = PBXSourcesBuildPhase;
			buildActionMask = 2147483647;
			files = (
				5AB741D329C206C100821457 /* MealsDetailsView.swift in Sources */,
				5A38A1F629C0F45F00947AEC /* NutritionixEndpoint.swift in Sources */,
				5A52A6DF29C323CC002A68E5 /* DetailsProductViewModel.swift in Sources */,
				5A38A1B929C0802600947AEC /* ContentView.swift in Sources */,
				5AB741C529C1DAE100821457 /* Double+ext.swift in Sources */,
				5A38A1B729C0802600947AEC /* FoodSecretApp.swift in Sources */,
				5AB741CC29C1F9EF00821457 /* MealsSectionView.swift in Sources */,
				5AB741B929C1B33600821457 /* Persistense.swift in Sources */,
				5AB741D829C210D800821457 /* AllMealsFoodView.swift in Sources */,
				5A38A1FE29C0FB9C00947AEC /* HomeViewModel.swift in Sources */,
				5AB741B729C1B1FF00821457 /* CoreDataExt.swift in Sources */,
				5A38A20029C101CC00947AEC /* NutitionixProduct.swift in Sources */,
				5A52A6D729C31440002A68E5 /* SearhFoodViewModel.swift in Sources */,
				5AB741D629C2096B00821457 /* SearchFoodView.swift in Sources */,
				5A38A1F329C0F0F400947AEC /* NutrientInfo.swift in Sources */,
				5AB741DA29C2149B00821457 /* PreviewProvider.swift in Sources */,
				5AB741CA29C1F75E00821457 /* HomeView.swift in Sources */,
				5AB741BF29C1B3A200821457 /* CoreDataFoodSecret.xcdatamodeld in Sources */,
				5A38A1F829C0F66200947AEC /* NetworkManager.swift in Sources */,
				5A52A6D529C28BEF002A68E5 /* LineProgressView.swift in Sources */,
				5A38A1CA29C0807000947AEC /* View+extension.swift in Sources */,
				5A38A1F129C0EFF800947AEC /* ProductSearchResult.swift in Sources */,
				5AB741DF29C22DFC00821457 /* MealFoodRowView.swift in Sources */,
				5A38A1FA29C0F7AE00947AEC /* NutritionixService.swift in Sources */,
				5AB741C729C1DC0B00821457 /* WaterEntity+Extensions.swift in Sources */,
				5A52A6CC29C27F34002A68E5 /* NukeLazyImage.swift in Sources */,
				5AB741CF29C1FD5600821457 /* CircleProgressView.swift in Sources */,
				5A52A6DD29C3222D002A68E5 /* DetailsProductView.swift in Sources */,
				5AB741DD29C21B9E00821457 /* Helper.swift in Sources */,
				5A38A1CC29C080F500947AEC /* Date+Ext.swift in Sources */,
				5AB741C329C1BD0200821457 /* FoodEntity+Extension.swift in Sources */,
			);
			runOnlyForDeploymentPostprocessing = 0;
		};
/* End PBXSourcesBuildPhase section */

/* Begin XCBuildConfiguration section */
		5A38A1BF29C0802800947AEC /* Debug */ = {
			isa = XCBuildConfiguration;
			buildSettings = {
				ALWAYS_SEARCH_USER_PATHS = NO;
				CLANG_ANALYZER_NONNULL = YES;
				CLANG_ANALYZER_NUMBER_OBJECT_CONVERSION = YES_AGGRESSIVE;
				CLANG_CXX_LANGUAGE_STANDARD = "gnu++20";
				CLANG_ENABLE_MODULES = YES;
				CLANG_ENABLE_OBJC_ARC = YES;
				CLANG_ENABLE_OBJC_WEAK = YES;
				CLANG_WARN_BLOCK_CAPTURE_AUTORELEASING = YES;
				CLANG_WARN_BOOL_CONVERSION = YES;
				CLANG_WARN_COMMA = YES;
				CLANG_WARN_CONSTANT_CONVERSION = YES;
				CLANG_WARN_DEPRECATED_OBJC_IMPLEMENTATIONS = YES;
				CLANG_WARN_DIRECT_OBJC_ISA_USAGE = YES_ERROR;
				CLANG_WARN_DOCUMENTATION_COMMENTS = YES;
				CLANG_WARN_EMPTY_BODY = YES;
				CLANG_WARN_ENUM_CONVERSION = YES;
				CLANG_WARN_INFINITE_RECURSION = YES;
				CLANG_WARN_INT_CONVERSION = YES;
				CLANG_WARN_NON_LITERAL_NULL_CONVERSION = YES;
				CLANG_WARN_OBJC_IMPLICIT_RETAIN_SELF = YES;
				CLANG_WARN_OBJC_LITERAL_CONVERSION = YES;
				CLANG_WARN_OBJC_ROOT_CLASS = YES_ERROR;
				CLANG_WARN_QUOTED_INCLUDE_IN_FRAMEWORK_HEADER = YES;
				CLANG_WARN_RANGE_LOOP_ANALYSIS = YES;
				CLANG_WARN_STRICT_PROTOTYPES = YES;
				CLANG_WARN_SUSPICIOUS_MOVE = YES;
				CLANG_WARN_UNGUARDED_AVAILABILITY = YES_AGGRESSIVE;
				CLANG_WARN_UNREACHABLE_CODE = YES;
				CLANG_WARN__DUPLICATE_METHOD_MATCH = YES;
				COPY_PHASE_STRIP = NO;
				DEBUG_INFORMATION_FORMAT = dwarf;
				ENABLE_STRICT_OBJC_MSGSEND = YES;
				ENABLE_TESTABILITY = YES;
				GCC_C_LANGUAGE_STANDARD = gnu11;
				GCC_DYNAMIC_NO_PIC = NO;
				GCC_NO_COMMON_BLOCKS = YES;
				GCC_OPTIMIZATION_LEVEL = 0;
				GCC_PREPROCESSOR_DEFINITIONS = (
					"DEBUG=1",
					"$(inherited)",
				);
				GCC_WARN_64_TO_32_BIT_CONVERSION = YES;
				GCC_WARN_ABOUT_RETURN_TYPE = YES_ERROR;
				GCC_WARN_UNDECLARED_SELECTOR = YES;
				GCC_WARN_UNINITIALIZED_AUTOS = YES_AGGRESSIVE;
				GCC_WARN_UNUSED_FUNCTION = YES;
				GCC_WARN_UNUSED_VARIABLE = YES;
				IPHONEOS_DEPLOYMENT_TARGET = 16.0;
				MTL_ENABLE_DEBUG_INFO = INCLUDE_SOURCE;
				MTL_FAST_MATH = YES;
				ONLY_ACTIVE_ARCH = YES;
				SDKROOT = iphoneos;
				SWIFT_ACTIVE_COMPILATION_CONDITIONS = DEBUG;
				SWIFT_OPTIMIZATION_LEVEL = "-Onone";
			};
			name = Debug;
		};
		5A38A1C029C0802800947AEC /* Release */ = {
			isa = XCBuildConfiguration;
			buildSettings = {
				ALWAYS_SEARCH_USER_PATHS = NO;
				CLANG_ANALYZER_NONNULL = YES;
				CLANG_ANALYZER_NUMBER_OBJECT_CONVERSION = YES_AGGRESSIVE;
				CLANG_CXX_LANGUAGE_STANDARD = "gnu++20";
				CLANG_ENABLE_MODULES = YES;
				CLANG_ENABLE_OBJC_ARC = YES;
				CLANG_ENABLE_OBJC_WEAK = YES;
				CLANG_WARN_BLOCK_CAPTURE_AUTORELEASING = YES;
				CLANG_WARN_BOOL_CONVERSION = YES;
				CLANG_WARN_COMMA = YES;
				CLANG_WARN_CONSTANT_CONVERSION = YES;
				CLANG_WARN_DEPRECATED_OBJC_IMPLEMENTATIONS = YES;
				CLANG_WARN_DIRECT_OBJC_ISA_USAGE = YES_ERROR;
				CLANG_WARN_DOCUMENTATION_COMMENTS = YES;
				CLANG_WARN_EMPTY_BODY = YES;
				CLANG_WARN_ENUM_CONVERSION = YES;
				CLANG_WARN_INFINITE_RECURSION = YES;
				CLANG_WARN_INT_CONVERSION = YES;
				CLANG_WARN_NON_LITERAL_NULL_CONVERSION = YES;
				CLANG_WARN_OBJC_IMPLICIT_RETAIN_SELF = YES;
				CLANG_WARN_OBJC_LITERAL_CONVERSION = YES;
				CLANG_WARN_OBJC_ROOT_CLASS = YES_ERROR;
				CLANG_WARN_QUOTED_INCLUDE_IN_FRAMEWORK_HEADER = YES;
				CLANG_WARN_RANGE_LOOP_ANALYSIS = YES;
				CLANG_WARN_STRICT_PROTOTYPES = YES;
				CLANG_WARN_SUSPICIOUS_MOVE = YES;
				CLANG_WARN_UNGUARDED_AVAILABILITY = YES_AGGRESSIVE;
				CLANG_WARN_UNREACHABLE_CODE = YES;
				CLANG_WARN__DUPLICATE_METHOD_MATCH = YES;
				COPY_PHASE_STRIP = NO;
				DEBUG_INFORMATION_FORMAT = "dwarf-with-dsym";
				ENABLE_NS_ASSERTIONS = NO;
				ENABLE_STRICT_OBJC_MSGSEND = YES;
				GCC_C_LANGUAGE_STANDARD = gnu11;
				GCC_NO_COMMON_BLOCKS = YES;
				GCC_WARN_64_TO_32_BIT_CONVERSION = YES;
				GCC_WARN_ABOUT_RETURN_TYPE = YES_ERROR;
				GCC_WARN_UNDECLARED_SELECTOR = YES;
				GCC_WARN_UNINITIALIZED_AUTOS = YES_AGGRESSIVE;
				GCC_WARN_UNUSED_FUNCTION = YES;
				GCC_WARN_UNUSED_VARIABLE = YES;
				IPHONEOS_DEPLOYMENT_TARGET = 16.0;
				MTL_ENABLE_DEBUG_INFO = NO;
				MTL_FAST_MATH = YES;
				SDKROOT = iphoneos;
				SWIFT_COMPILATION_MODE = wholemodule;
				SWIFT_OPTIMIZATION_LEVEL = "-O";
				VALIDATE_PRODUCT = YES;
			};
			name = Release;
		};
		5A38A1C229C0802800947AEC /* Debug */ = {
			isa = XCBuildConfiguration;
			buildSettings = {
				ASSETCATALOG_COMPILER_APPICON_NAME = AppIcon;
				ASSETCATALOG_COMPILER_GLOBAL_ACCENT_COLOR_NAME = AccentColor;
				CODE_SIGN_STYLE = Automatic;
				CURRENT_PROJECT_VERSION = 1;
				DEVELOPMENT_ASSET_PATHS = "\"FoodSecret/Preview Content\"";
				DEVELOPMENT_TEAM = 92PU6D6MCQ;
				ENABLE_PREVIEWS = YES;
				GENERATE_INFOPLIST_FILE = YES;
				INFOPLIST_FILE = FoodSecret/Info.plist;
				INFOPLIST_KEY_UIApplicationSceneManifest_Generation = YES;
				INFOPLIST_KEY_UIApplicationSupportsIndirectInputEvents = YES;
				INFOPLIST_KEY_UILaunchScreen_Generation = YES;
				INFOPLIST_KEY_UISupportedInterfaceOrientations = UIInterfaceOrientationPortrait;
				INFOPLIST_KEY_UISupportedInterfaceOrientations_iPad = "UIInterfaceOrientationLandscapeLeft UIInterfaceOrientationLandscapeRight UIInterfaceOrientationPortrait UIInterfaceOrientationPortraitUpsideDown";
				LD_RUNPATH_SEARCH_PATHS = (
					"$(inherited)",
					"@executable_path/Frameworks",
				);
				MARKETING_VERSION = 1.0;
				PRODUCT_BUNDLE_IDENTIFIER = com.bogdanZyk.FoodSecret;
				PRODUCT_NAME = "$(TARGET_NAME)";
				SUPPORTED_PLATFORMS = "iphoneos iphonesimulator";
				SUPPORTS_MACCATALYST = NO;
				SUPPORTS_MAC_DESIGNED_FOR_IPHONE_IPAD = NO;
				SWIFT_EMIT_LOC_STRINGS = YES;
				SWIFT_VERSION = 5.0;
				TARGETED_DEVICE_FAMILY = 1;
			};
			name = Debug;
		};
		5A38A1C329C0802800947AEC /* Release */ = {
			isa = XCBuildConfiguration;
			buildSettings = {
				ASSETCATALOG_COMPILER_APPICON_NAME = AppIcon;
				ASSETCATALOG_COMPILER_GLOBAL_ACCENT_COLOR_NAME = AccentColor;
				CODE_SIGN_STYLE = Automatic;
				CURRENT_PROJECT_VERSION = 1;
				DEVELOPMENT_ASSET_PATHS = "\"FoodSecret/Preview Content\"";
				DEVELOPMENT_TEAM = 92PU6D6MCQ;
				ENABLE_PREVIEWS = YES;
				GENERATE_INFOPLIST_FILE = YES;
				INFOPLIST_FILE = FoodSecret/Info.plist;
				INFOPLIST_KEY_UIApplicationSceneManifest_Generation = YES;
				INFOPLIST_KEY_UIApplicationSupportsIndirectInputEvents = YES;
				INFOPLIST_KEY_UILaunchScreen_Generation = YES;
				INFOPLIST_KEY_UISupportedInterfaceOrientations = UIInterfaceOrientationPortrait;
				INFOPLIST_KEY_UISupportedInterfaceOrientations_iPad = "UIInterfaceOrientationLandscapeLeft UIInterfaceOrientationLandscapeRight UIInterfaceOrientationPortrait UIInterfaceOrientationPortraitUpsideDown";
				LD_RUNPATH_SEARCH_PATHS = (
					"$(inherited)",
					"@executable_path/Frameworks",
				);
				MARKETING_VERSION = 1.0;
				PRODUCT_BUNDLE_IDENTIFIER = com.bogdanZyk.FoodSecret;
				PRODUCT_NAME = "$(TARGET_NAME)";
				SUPPORTED_PLATFORMS = "iphoneos iphonesimulator";
				SUPPORTS_MACCATALYST = NO;
				SUPPORTS_MAC_DESIGNED_FOR_IPHONE_IPAD = NO;
				SWIFT_EMIT_LOC_STRINGS = YES;
				SWIFT_VERSION = 5.0;
				TARGETED_DEVICE_FAMILY = 1;
			};
			name = Release;
		};
/* End XCBuildConfiguration section */

/* Begin XCConfigurationList section */
		5A38A1AE29C0802600947AEC /* Build configuration list for PBXProject "FoodSecret" */ = {
			isa = XCConfigurationList;
			buildConfigurations = (
				5A38A1BF29C0802800947AEC /* Debug */,
				5A38A1C029C0802800947AEC /* Release */,
			);
			defaultConfigurationIsVisible = 0;
			defaultConfigurationName = Release;
		};
		5A38A1C129C0802800947AEC /* Build configuration list for PBXNativeTarget "FoodSecret" */ = {
			isa = XCConfigurationList;
			buildConfigurations = (
				5A38A1C229C0802800947AEC /* Debug */,
				5A38A1C329C0802800947AEC /* Release */,
			);
			defaultConfigurationIsVisible = 0;
			defaultConfigurationName = Release;
		};
/* End XCConfigurationList section */

/* Begin XCRemoteSwiftPackageReference section */
		5A52A6D029C280EE002A68E5 /* XCRemoteSwiftPackageReference "NukeUI" */ = {
			isa = XCRemoteSwiftPackageReference;
			repositoryURL = "https://github.com/kean/NukeUI";
			requirement = {
				kind = upToNextMajorVersion;
				minimumVersion = 0.8.3;
			};
		};
/* End XCRemoteSwiftPackageReference section */

/* Begin XCSwiftPackageProductDependency section */
		5A52A6D129C280EE002A68E5 /* NukeUI */ = {
			isa = XCSwiftPackageProductDependency;
			package = 5A52A6D029C280EE002A68E5 /* XCRemoteSwiftPackageReference "NukeUI" */;
			productName = NukeUI;
		};
/* End XCSwiftPackageProductDependency section */

/* Begin XCVersionGroup section */
		5AB741BD29C1B3A200821457 /* CoreDataFoodSecret.xcdatamodeld */ = {
			isa = XCVersionGroup;
			children = (
				5AB741BE29C1B3A200821457 /* CoreDataFoodSecret.xcdatamodel */,
			);
			currentVersion = 5AB741BE29C1B3A200821457 /* CoreDataFoodSecret.xcdatamodel */;
			path = CoreDataFoodSecret.xcdatamodeld;
			sourceTree = "<group>";
			versionGroupType = wrapper.xcdatamodel;
		};
/* End XCVersionGroup section */
	};
	rootObject = 5A38A1AB29C0802600947AEC /* Project object */;
}
